// !$*UTF8*$!
{
	archiveVersion = 1;
	classes = {
	};
	objectVersion = 50;
	objects = {

/* Begin PBXBuildFile section */
		CE2428E2239E922E0098DCDB /* AccessedValueTests.swift in Sources */ = {isa = PBXBuildFile; fileRef = CE2428E1239E922E0098DCDB /* AccessedValueTests.swift */; };
		CE2428E4239E96D70098DCDB /* PurgeableCache.swift in Sources */ = {isa = PBXBuildFile; fileRef = CE2428E3239E96D70098DCDB /* PurgeableCache.swift */; };
		CE2428E7239FDDC50098DCDB /* Mapper.swift in Sources */ = {isa = PBXBuildFile; fileRef = CE2428E6239FDDC50098DCDB /* Mapper.swift */; };
		CE2428E9239FDE3B0098DCDB /* User.swift in Sources */ = {isa = PBXBuildFile; fileRef = CE2428E8239FDE3B0098DCDB /* User.swift */; };
		CE2428EB239FDE8C0098DCDB /* UserToUserModelMapper.swift in Sources */ = {isa = PBXBuildFile; fileRef = CE2428EA239FDE8C0098DCDB /* UserToUserModelMapper.swift */; };
		CE2428ED239FDF150098DCDB /* Fetcher.swift in Sources */ = {isa = PBXBuildFile; fileRef = CE2428EC239FDF150098DCDB /* Fetcher.swift */; };
		CE2428EF239FDF650098DCDB /* FetcherResult.swift in Sources */ = {isa = PBXBuildFile; fileRef = CE2428EE239FDF650098DCDB /* FetcherResult.swift */; };
		CE2428F1239FE02B0098DCDB /* UserManager.swift in Sources */ = {isa = PBXBuildFile; fileRef = CE2428F0239FE02B0098DCDB /* UserManager.swift */; };
		CE2428F7239FE1CF0098DCDB /* NetworkResponse.swift in Sources */ = {isa = PBXBuildFile; fileRef = CE2428F6239FE1CF0098DCDB /* NetworkResponse.swift */; };
		CE2428FF239FE6FD0098DCDB /* BaseNetworkResponse.swift in Sources */ = {isa = PBXBuildFile; fileRef = CE2428FE239FE6FD0098DCDB /* BaseNetworkResponse.swift */; };
		CE242901239FE77E0098DCDB /* NetworkResponseFactory.swift in Sources */ = {isa = PBXBuildFile; fileRef = CE242900239FE77E0098DCDB /* NetworkResponseFactory.swift */; };
		CE24290323A0FAA30098DCDB /* NetworkResponseParser.swift in Sources */ = {isa = PBXBuildFile; fileRef = CE24290223A0FAA30098DCDB /* NetworkResponseParser.swift */; };
		CE24290523A0FB8E0098DCDB /* Serializer.swift in Sources */ = {isa = PBXBuildFile; fileRef = CE24290423A0FB8E0098DCDB /* Serializer.swift */; };
		CE24290723A0FC650098DCDB /* Validator.swift in Sources */ = {isa = PBXBuildFile; fileRef = CE24290623A0FC650098DCDB /* Validator.swift */; };
		CE24290923A1003C0098DCDB /* JsonEntity.swift in Sources */ = {isa = PBXBuildFile; fileRef = CE24290823A1003C0098DCDB /* JsonEntity.swift */; };
		CE24290B23A105A20098DCDB /* JsonEntityTest.swift in Sources */ = {isa = PBXBuildFile; fileRef = CE24290A23A105A20098DCDB /* JsonEntityTest.swift */; };
		CE24290D23A14D720098DCDB /* NetworkFetchResult.swift in Sources */ = {isa = PBXBuildFile; fileRef = CE24290C23A14D720098DCDB /* NetworkFetchResult.swift */; };
		CE24291123A150AD0098DCDB /* BaseNetworkResponseToJsonResponse.swift in Sources */ = {isa = PBXBuildFile; fileRef = CE24291023A150AD0098DCDB /* BaseNetworkResponseToJsonResponse.swift */; };
		CE24291323A1561F0098DCDB /* UserNetworkService.swift in Sources */ = {isa = PBXBuildFile; fileRef = CE24291223A1561F0098DCDB /* UserNetworkService.swift */; };
		CE24291523A157B90098DCDB /* NetworkRequest.swift in Sources */ = {isa = PBXBuildFile; fileRef = CE24291423A157B90098DCDB /* NetworkRequest.swift */; };
		CE24291823A182780098DCDB /* URLBuilder.swift in Sources */ = {isa = PBXBuildFile; fileRef = CE24291723A182780098DCDB /* URLBuilder.swift */; };
		CE24291A23A182B10098DCDB /* URLBuilderFactory.swift in Sources */ = {isa = PBXBuildFile; fileRef = CE24291923A182B10098DCDB /* URLBuilderFactory.swift */; };
		CE24291D23A182F20098DCDB /* BaseURLBuilder.swift in Sources */ = {isa = PBXBuildFile; fileRef = CE24291C23A182F20098DCDB /* BaseURLBuilder.swift */; };
		CE24291F23A18D970098DCDB /* URLBuilderTests.swift in Sources */ = {isa = PBXBuildFile; fileRef = CE24291E23A18D970098DCDB /* URLBuilderTests.swift */; };
		CE24292323A1A34A0098DCDB /* NetworkFetcher.swift in Sources */ = {isa = PBXBuildFile; fileRef = CE24292223A1A34A0098DCDB /* NetworkFetcher.swift */; };
		CE24292623A237430098DCDB /* URLParameters.swift in Sources */ = {isa = PBXBuildFile; fileRef = CE24292523A237430098DCDB /* URLParameters.swift */; };
		CE24292923A238210098DCDB /* BaseURLParametersBuilder.swift in Sources */ = {isa = PBXBuildFile; fileRef = CE24292823A238210098DCDB /* BaseURLParametersBuilder.swift */; };
		CE24292B23A238E60098DCDB /* URLParametersBuilderFactory.swift in Sources */ = {isa = PBXBuildFile; fileRef = CE24292A23A238E60098DCDB /* URLParametersBuilderFactory.swift */; };
		CE24292E23A23A2D0098DCDB /* NetworkingManager.swift in Sources */ = {isa = PBXBuildFile; fileRef = CE24292D23A23A2D0098DCDB /* NetworkingManager.swift */; };
		CE24293023A23B490098DCDB /* URLRequestBuilder.swift in Sources */ = {isa = PBXBuildFile; fileRef = CE24292F23A23B490098DCDB /* URLRequestBuilder.swift */; };
		CE24293223A23B7E0098DCDB /* URLRequestBuilderFactory.swift in Sources */ = {isa = PBXBuildFile; fileRef = CE24293123A23B7E0098DCDB /* URLRequestBuilderFactory.swift */; };
		CE24293423A23BA20098DCDB /* BaseURLRequestBuilder.swift in Sources */ = {isa = PBXBuildFile; fileRef = CE24293323A23BA20098DCDB /* BaseURLRequestBuilder.swift */; };
		CE24293723A241300098DCDB /* NetworkingManagerTask.swift in Sources */ = {isa = PBXBuildFile; fileRef = CE24293623A241300098DCDB /* NetworkingManagerTask.swift */; };
		CE24293F23A78D6B0098DCDB /* NetworkResponseStub.swift in Sources */ = {isa = PBXBuildFile; fileRef = CE24293E23A78D6B0098DCDB /* NetworkResponseStub.swift */; };
		CE24294123A78D9A0098DCDB /* get_users.json in Resources */ = {isa = PBXBuildFile; fileRef = CE24294023A78D9A0098DCDB /* get_users.json */; };
		CE24294423A78E910098DCDB /* NetworkFetcherStub.swift in Sources */ = {isa = PBXBuildFile; fileRef = CE24294323A78E910098DCDB /* NetworkFetcherStub.swift */; };
		CE24294623A78F7C0098DCDB /* ModelResult.swift in Sources */ = {isa = PBXBuildFile; fileRef = CE24294523A78F7C0098DCDB /* ModelResult.swift */; };
		CE24294823A790140098DCDB /* Result.swift in Sources */ = {isa = PBXBuildFile; fileRef = CE24294723A790140098DCDB /* Result.swift */; };
		CE24294E23A79EDF0098DCDB /* NetworkResponseToJsonMapper.swift in Sources */ = {isa = PBXBuildFile; fileRef = CE24294D23A79EDF0098DCDB /* NetworkResponseToJsonMapper.swift */; };
		CE24295023A7A20B0098DCDB /* JsonApiResponse.swift in Sources */ = {isa = PBXBuildFile; fileRef = CE24294F23A7A20B0098DCDB /* JsonApiResponse.swift */; };
		CE24295223A7A28E0098DCDB /* JsonApiResponseMapper.swift in Sources */ = {isa = PBXBuildFile; fileRef = CE24295123A7A28E0098DCDB /* JsonApiResponseMapper.swift */; };
		CE24295423A7B85A0098DCDB /* ModelCreatorFactory.swift in Sources */ = {isa = PBXBuildFile; fileRef = CE24295323A7B85A0098DCDB /* ModelCreatorFactory.swift */; };
		CE24295623A7BCF30098DCDB /* MapperFactory.swift in Sources */ = {isa = PBXBuildFile; fileRef = CE24295523A7BCF30098DCDB /* MapperFactory.swift */; };
		CE24295923A7CEDF0098DCDB /* Creator.swift in Sources */ = {isa = PBXBuildFile; fileRef = CE24295823A7CEDF0098DCDB /* Creator.swift */; };
		CE24295B23A7D1480098DCDB /* NetworkRequestStub.swift in Sources */ = {isa = PBXBuildFile; fileRef = CE24295A23A7D1480098DCDB /* NetworkRequestStub.swift */; };
		CE24295D23A7D2780098DCDB /* JsonApiResponseArrayFieldMapper.swift in Sources */ = {isa = PBXBuildFile; fileRef = CE24295C23A7D2780098DCDB /* JsonApiResponseArrayFieldMapper.swift */; };
		CE24295F23A7D34E0098DCDB /* JsonToUserModelMapper.swift in Sources */ = {isa = PBXBuildFile; fileRef = CE24295E23A7D34E0098DCDB /* JsonToUserModelMapper.swift */; };
		F871D8A8238FEFE5007593B1 /* AppDelegate.swift in Sources */ = {isa = PBXBuildFile; fileRef = F871D8A7238FEFE5007593B1 /* AppDelegate.swift */; };
		F871D8AA238FEFE5007593B1 /* ViewController.swift in Sources */ = {isa = PBXBuildFile; fileRef = F871D8A9238FEFE5007593B1 /* ViewController.swift */; };
		F871D8AD238FEFE5007593B1 /* Main.storyboard in Resources */ = {isa = PBXBuildFile; fileRef = F871D8AB238FEFE5007593B1 /* Main.storyboard */; };
		F871D8B0238FEFE5007593B1 /* Templates.xcdatamodeld in Sources */ = {isa = PBXBuildFile; fileRef = F871D8AE238FEFE5007593B1 /* Templates.xcdatamodeld */; };
		F871D8B2238FEFE7007593B1 /* Assets.xcassets in Resources */ = {isa = PBXBuildFile; fileRef = F871D8B1238FEFE7007593B1 /* Assets.xcassets */; };
		F871D8B5238FEFE7007593B1 /* LaunchScreen.storyboard in Resources */ = {isa = PBXBuildFile; fileRef = F871D8B3238FEFE7007593B1 /* LaunchScreen.storyboard */; };
		F871D8C0238FEFE7007593B1 /* CacheTests.swift in Sources */ = {isa = PBXBuildFile; fileRef = F871D8BF238FEFE7007593B1 /* CacheTests.swift */; };
		F871D8CB238FEFE7007593B1 /* TemplatesUITests.swift in Sources */ = {isa = PBXBuildFile; fileRef = F871D8CA238FEFE7007593B1 /* TemplatesUITests.swift */; };
		F871D8DC238FF02C007593B1 /* CacheableRepository.swift in Sources */ = {isa = PBXBuildFile; fileRef = F871D8DB238FF02C007593B1 /* CacheableRepository.swift */; };
		F871D8E0238FF089007593B1 /* BaseRepositoryCache.swift in Sources */ = {isa = PBXBuildFile; fileRef = F871D8DF238FF089007593B1 /* BaseRepositoryCache.swift */; };
		F871D8EE238FF806007593B1 /* Cache.swift in Sources */ = {isa = PBXBuildFile; fileRef = F871D8ED238FF806007593B1 /* Cache.swift */; };
		F871D8F123900718007593B1 /* PreloadableCache.swift in Sources */ = {isa = PBXBuildFile; fileRef = F871D8F023900718007593B1 /* PreloadableCache.swift */; };
		F871D8F923900ABC007593B1 /* RepositoryCache.swift in Sources */ = {isa = PBXBuildFile; fileRef = F871D8F823900ABC007593B1 /* RepositoryCache.swift */; };
		F871D9062390126E007593B1 /* ValueAccessStrategy.swift in Sources */ = {isa = PBXBuildFile; fileRef = F871D9052390126E007593B1 /* ValueAccessStrategy.swift */; };
		F871D909239012D2007593B1 /* BaseValueAccessStrategy.swift in Sources */ = {isa = PBXBuildFile; fileRef = F871D908239012D2007593B1 /* BaseValueAccessStrategy.swift */; };
		F8BE102A239014ED005E4500 /* SynchronizedValueAccessStrategy.swift in Sources */ = {isa = PBXBuildFile; fileRef = F8BE1029239014ED005E4500 /* SynchronizedValueAccessStrategy.swift */; };
		F8BE102C2391135F005E4500 /* AccessedValue.swift in Sources */ = {isa = PBXBuildFile; fileRef = F8BE102B2391135F005E4500 /* AccessedValue.swift */; };
		F8BE103123911B16005E4500 /* InvocationStrategy.swift in Sources */ = {isa = PBXBuildFile; fileRef = F8BE103023911B16005E4500 /* InvocationStrategy.swift */; };
		F8BE103423911BBB005E4500 /* UnsafeInvocationStrategy.swift in Sources */ = {isa = PBXBuildFile; fileRef = F8BE103323911BBB005E4500 /* UnsafeInvocationStrategy.swift */; };
		F8BE103623911C4D005E4500 /* SynchronizedInvocationStrategy.swift in Sources */ = {isa = PBXBuildFile; fileRef = F8BE103523911C4D005E4500 /* SynchronizedInvocationStrategy.swift */; };
		F8BE103823911CA2005E4500 /* DispatchQueueInvocationStrategy.swift in Sources */ = {isa = PBXBuildFile; fileRef = F8BE103723911CA2005E4500 /* DispatchQueueInvocationStrategy.swift */; };
		F8BE103A2391462A005E4500 /* FakeUserDatabase.swift in Sources */ = {isa = PBXBuildFile; fileRef = F871D8E8238FF24D007593B1 /* FakeUserDatabase.swift */; };
/* End PBXBuildFile section */

/* Begin PBXContainerItemProxy section */
		F871D8BC238FEFE7007593B1 /* PBXContainerItemProxy */ = {
			isa = PBXContainerItemProxy;
			containerPortal = F871D89C238FEFE5007593B1 /* Project object */;
			proxyType = 1;
			remoteGlobalIDString = F871D8A3238FEFE5007593B1;
			remoteInfo = Templates;
		};
		F871D8C7238FEFE7007593B1 /* PBXContainerItemProxy */ = {
			isa = PBXContainerItemProxy;
			containerPortal = F871D89C238FEFE5007593B1 /* Project object */;
			proxyType = 1;
			remoteGlobalIDString = F871D8A3238FEFE5007593B1;
			remoteInfo = Templates;
		};
/* End PBXContainerItemProxy section */

/* Begin PBXFileReference section */
		CE2428E1239E922E0098DCDB /* AccessedValueTests.swift */ = {isa = PBXFileReference; fileEncoding = 4; lastKnownFileType = sourcecode.swift; path = AccessedValueTests.swift; sourceTree = "<group>"; };
		CE2428E3239E96D70098DCDB /* PurgeableCache.swift */ = {isa = PBXFileReference; lastKnownFileType = sourcecode.swift; path = PurgeableCache.swift; sourceTree = "<group>"; };
		CE2428E6239FDDC50098DCDB /* Mapper.swift */ = {isa = PBXFileReference; lastKnownFileType = sourcecode.swift; path = Mapper.swift; sourceTree = "<group>"; };
		CE2428E8239FDE3B0098DCDB /* User.swift */ = {isa = PBXFileReference; lastKnownFileType = sourcecode.swift; path = User.swift; sourceTree = "<group>"; };
		CE2428EA239FDE8C0098DCDB /* UserToUserModelMapper.swift */ = {isa = PBXFileReference; lastKnownFileType = sourcecode.swift; path = UserToUserModelMapper.swift; sourceTree = "<group>"; };
		CE2428EC239FDF150098DCDB /* Fetcher.swift */ = {isa = PBXFileReference; lastKnownFileType = sourcecode.swift; path = Fetcher.swift; sourceTree = "<group>"; };
		CE2428EE239FDF650098DCDB /* FetcherResult.swift */ = {isa = PBXFileReference; lastKnownFileType = sourcecode.swift; path = FetcherResult.swift; sourceTree = "<group>"; };
		CE2428F0239FE02B0098DCDB /* UserManager.swift */ = {isa = PBXFileReference; lastKnownFileType = sourcecode.swift; path = UserManager.swift; sourceTree = "<group>"; };
		CE2428F6239FE1CF0098DCDB /* NetworkResponse.swift */ = {isa = PBXFileReference; lastKnownFileType = sourcecode.swift; path = NetworkResponse.swift; sourceTree = "<group>"; };
		CE2428FE239FE6FD0098DCDB /* BaseNetworkResponse.swift */ = {isa = PBXFileReference; lastKnownFileType = sourcecode.swift; path = BaseNetworkResponse.swift; sourceTree = "<group>"; };
		CE242900239FE77E0098DCDB /* NetworkResponseFactory.swift */ = {isa = PBXFileReference; lastKnownFileType = sourcecode.swift; path = NetworkResponseFactory.swift; sourceTree = "<group>"; };
		CE24290223A0FAA30098DCDB /* NetworkResponseParser.swift */ = {isa = PBXFileReference; lastKnownFileType = sourcecode.swift; path = NetworkResponseParser.swift; sourceTree = "<group>"; };
		CE24290423A0FB8E0098DCDB /* Serializer.swift */ = {isa = PBXFileReference; lastKnownFileType = sourcecode.swift; path = Serializer.swift; sourceTree = "<group>"; };
		CE24290623A0FC650098DCDB /* Validator.swift */ = {isa = PBXFileReference; lastKnownFileType = sourcecode.swift; path = Validator.swift; sourceTree = "<group>"; };
		CE24290823A1003C0098DCDB /* JsonEntity.swift */ = {isa = PBXFileReference; lastKnownFileType = sourcecode.swift; path = JsonEntity.swift; sourceTree = "<group>"; };
		CE24290A23A105A20098DCDB /* JsonEntityTest.swift */ = {isa = PBXFileReference; lastKnownFileType = sourcecode.swift; path = JsonEntityTest.swift; sourceTree = "<group>"; };
		CE24290C23A14D720098DCDB /* NetworkFetchResult.swift */ = {isa = PBXFileReference; lastKnownFileType = sourcecode.swift; path = NetworkFetchResult.swift; sourceTree = "<group>"; };
		CE24291023A150AD0098DCDB /* BaseNetworkResponseToJsonResponse.swift */ = {isa = PBXFileReference; lastKnownFileType = sourcecode.swift; path = BaseNetworkResponseToJsonResponse.swift; sourceTree = "<group>"; };
		CE24291223A1561F0098DCDB /* UserNetworkService.swift */ = {isa = PBXFileReference; lastKnownFileType = sourcecode.swift; path = UserNetworkService.swift; sourceTree = "<group>"; };
		CE24291423A157B90098DCDB /* NetworkRequest.swift */ = {isa = PBXFileReference; lastKnownFileType = sourcecode.swift; path = NetworkRequest.swift; sourceTree = "<group>"; };
		CE24291723A182780098DCDB /* URLBuilder.swift */ = {isa = PBXFileReference; lastKnownFileType = sourcecode.swift; path = URLBuilder.swift; sourceTree = "<group>"; };
		CE24291923A182B10098DCDB /* URLBuilderFactory.swift */ = {isa = PBXFileReference; lastKnownFileType = sourcecode.swift; path = URLBuilderFactory.swift; sourceTree = "<group>"; };
		CE24291C23A182F20098DCDB /* BaseURLBuilder.swift */ = {isa = PBXFileReference; lastKnownFileType = sourcecode.swift; path = BaseURLBuilder.swift; sourceTree = "<group>"; };
		CE24291E23A18D970098DCDB /* URLBuilderTests.swift */ = {isa = PBXFileReference; lastKnownFileType = sourcecode.swift; path = URLBuilderTests.swift; sourceTree = "<group>"; };
		CE24292223A1A34A0098DCDB /* NetworkFetcher.swift */ = {isa = PBXFileReference; lastKnownFileType = sourcecode.swift; path = NetworkFetcher.swift; sourceTree = "<group>"; };
		CE24292523A237430098DCDB /* URLParameters.swift */ = {isa = PBXFileReference; lastKnownFileType = sourcecode.swift; path = URLParameters.swift; sourceTree = "<group>"; };
		CE24292823A238210098DCDB /* BaseURLParametersBuilder.swift */ = {isa = PBXFileReference; lastKnownFileType = sourcecode.swift; path = BaseURLParametersBuilder.swift; sourceTree = "<group>"; };
		CE24292A23A238E60098DCDB /* URLParametersBuilderFactory.swift */ = {isa = PBXFileReference; lastKnownFileType = sourcecode.swift; path = URLParametersBuilderFactory.swift; sourceTree = "<group>"; };
		CE24292D23A23A2D0098DCDB /* NetworkingManager.swift */ = {isa = PBXFileReference; lastKnownFileType = sourcecode.swift; path = NetworkingManager.swift; sourceTree = "<group>"; };
		CE24292F23A23B490098DCDB /* URLRequestBuilder.swift */ = {isa = PBXFileReference; lastKnownFileType = sourcecode.swift; path = URLRequestBuilder.swift; sourceTree = "<group>"; };
		CE24293123A23B7E0098DCDB /* URLRequestBuilderFactory.swift */ = {isa = PBXFileReference; lastKnownFileType = sourcecode.swift; path = URLRequestBuilderFactory.swift; sourceTree = "<group>"; };
		CE24293323A23BA20098DCDB /* BaseURLRequestBuilder.swift */ = {isa = PBXFileReference; lastKnownFileType = sourcecode.swift; path = BaseURLRequestBuilder.swift; sourceTree = "<group>"; };
		CE24293623A241300098DCDB /* NetworkingManagerTask.swift */ = {isa = PBXFileReference; lastKnownFileType = sourcecode.swift; path = NetworkingManagerTask.swift; sourceTree = "<group>"; };
		CE24293823A78B9F0098DCDB /* APIResponse.txt */ = {isa = PBXFileReference; lastKnownFileType = text; path = APIResponse.txt; sourceTree = "<group>"; };
		CE24293E23A78D6B0098DCDB /* NetworkResponseStub.swift */ = {isa = PBXFileReference; lastKnownFileType = sourcecode.swift; path = NetworkResponseStub.swift; sourceTree = "<group>"; };
		CE24294023A78D9A0098DCDB /* get_users.json */ = {isa = PBXFileReference; lastKnownFileType = text.json; path = get_users.json; sourceTree = "<group>"; };
		CE24294323A78E910098DCDB /* NetworkFetcherStub.swift */ = {isa = PBXFileReference; lastKnownFileType = sourcecode.swift; path = NetworkFetcherStub.swift; sourceTree = "<group>"; };
		CE24294523A78F7C0098DCDB /* ModelResult.swift */ = {isa = PBXFileReference; lastKnownFileType = sourcecode.swift; path = ModelResult.swift; sourceTree = "<group>"; };
		CE24294723A790140098DCDB /* Result.swift */ = {isa = PBXFileReference; lastKnownFileType = sourcecode.swift; path = Result.swift; sourceTree = "<group>"; };
		CE24294D23A79EDF0098DCDB /* NetworkResponseToJsonMapper.swift */ = {isa = PBXFileReference; lastKnownFileType = sourcecode.swift; path = NetworkResponseToJsonMapper.swift; sourceTree = "<group>"; };
		CE24294F23A7A20B0098DCDB /* JsonApiResponse.swift */ = {isa = PBXFileReference; lastKnownFileType = sourcecode.swift; path = JsonApiResponse.swift; sourceTree = "<group>"; };
		CE24295123A7A28E0098DCDB /* JsonApiResponseMapper.swift */ = {isa = PBXFileReference; lastKnownFileType = sourcecode.swift; path = JsonApiResponseMapper.swift; sourceTree = "<group>"; };
		CE24295323A7B85A0098DCDB /* ModelCreatorFactory.swift */ = {isa = PBXFileReference; lastKnownFileType = sourcecode.swift; path = ModelCreatorFactory.swift; sourceTree = "<group>"; };
		CE24295523A7BCF30098DCDB /* MapperFactory.swift */ = {isa = PBXFileReference; lastKnownFileType = sourcecode.swift; path = MapperFactory.swift; sourceTree = "<group>"; };
		CE24295823A7CEDF0098DCDB /* Creator.swift */ = {isa = PBXFileReference; lastKnownFileType = sourcecode.swift; path = Creator.swift; sourceTree = "<group>"; };
		CE24295A23A7D1480098DCDB /* NetworkRequestStub.swift */ = {isa = PBXFileReference; lastKnownFileType = sourcecode.swift; path = NetworkRequestStub.swift; sourceTree = "<group>"; };
		CE24295C23A7D2780098DCDB /* JsonApiResponseArrayFieldMapper.swift */ = {isa = PBXFileReference; lastKnownFileType = sourcecode.swift; path = JsonApiResponseArrayFieldMapper.swift; sourceTree = "<group>"; };
		CE24295E23A7D34E0098DCDB /* JsonToUserModelMapper.swift */ = {isa = PBXFileReference; lastKnownFileType = sourcecode.swift; path = JsonToUserModelMapper.swift; sourceTree = "<group>"; };
		F871D8A4238FEFE5007593B1 /* Templates.app */ = {isa = PBXFileReference; explicitFileType = wrapper.application; includeInIndex = 0; path = Templates.app; sourceTree = BUILT_PRODUCTS_DIR; };
		F871D8A7238FEFE5007593B1 /* AppDelegate.swift */ = {isa = PBXFileReference; lastKnownFileType = sourcecode.swift; path = AppDelegate.swift; sourceTree = "<group>"; };
		F871D8A9238FEFE5007593B1 /* ViewController.swift */ = {isa = PBXFileReference; lastKnownFileType = sourcecode.swift; path = ViewController.swift; sourceTree = "<group>"; };
		F871D8AC238FEFE5007593B1 /* Base */ = {isa = PBXFileReference; lastKnownFileType = file.storyboard; name = Base; path = Base.lproj/Main.storyboard; sourceTree = "<group>"; };
		F871D8AF238FEFE5007593B1 /* Templates.xcdatamodel */ = {isa = PBXFileReference; lastKnownFileType = wrapper.xcdatamodel; path = Templates.xcdatamodel; sourceTree = "<group>"; };
		F871D8B1238FEFE7007593B1 /* Assets.xcassets */ = {isa = PBXFileReference; lastKnownFileType = folder.assetcatalog; path = Assets.xcassets; sourceTree = "<group>"; };
		F871D8B4238FEFE7007593B1 /* Base */ = {isa = PBXFileReference; lastKnownFileType = file.storyboard; name = Base; path = Base.lproj/LaunchScreen.storyboard; sourceTree = "<group>"; };
		F871D8B6238FEFE7007593B1 /* Info.plist */ = {isa = PBXFileReference; lastKnownFileType = text.plist.xml; path = Info.plist; sourceTree = "<group>"; };
		F871D8BB238FEFE7007593B1 /* TemplatesTests.xctest */ = {isa = PBXFileReference; explicitFileType = wrapper.cfbundle; includeInIndex = 0; path = TemplatesTests.xctest; sourceTree = BUILT_PRODUCTS_DIR; };
		F871D8BF238FEFE7007593B1 /* CacheTests.swift */ = {isa = PBXFileReference; lastKnownFileType = sourcecode.swift; path = CacheTests.swift; sourceTree = "<group>"; };
		F871D8C1238FEFE7007593B1 /* Info.plist */ = {isa = PBXFileReference; lastKnownFileType = text.plist.xml; path = Info.plist; sourceTree = "<group>"; };
		F871D8C6238FEFE7007593B1 /* TemplatesUITests.xctest */ = {isa = PBXFileReference; explicitFileType = wrapper.cfbundle; includeInIndex = 0; path = TemplatesUITests.xctest; sourceTree = BUILT_PRODUCTS_DIR; };
		F871D8CA238FEFE7007593B1 /* TemplatesUITests.swift */ = {isa = PBXFileReference; lastKnownFileType = sourcecode.swift; path = TemplatesUITests.swift; sourceTree = "<group>"; };
		F871D8CC238FEFE7007593B1 /* Info.plist */ = {isa = PBXFileReference; lastKnownFileType = text.plist.xml; path = Info.plist; sourceTree = "<group>"; };
		F871D8DB238FF02C007593B1 /* CacheableRepository.swift */ = {isa = PBXFileReference; lastKnownFileType = sourcecode.swift; path = CacheableRepository.swift; sourceTree = "<group>"; };
		F871D8DF238FF089007593B1 /* BaseRepositoryCache.swift */ = {isa = PBXFileReference; lastKnownFileType = sourcecode.swift; path = BaseRepositoryCache.swift; sourceTree = "<group>"; };
		F871D8E8238FF24D007593B1 /* FakeUserDatabase.swift */ = {isa = PBXFileReference; lastKnownFileType = sourcecode.swift; path = FakeUserDatabase.swift; sourceTree = "<group>"; };
		F871D8ED238FF806007593B1 /* Cache.swift */ = {isa = PBXFileReference; lastKnownFileType = sourcecode.swift; path = Cache.swift; sourceTree = "<group>"; };
		F871D8F023900718007593B1 /* PreloadableCache.swift */ = {isa = PBXFileReference; lastKnownFileType = sourcecode.swift; path = PreloadableCache.swift; sourceTree = "<group>"; };
		F871D8F823900ABC007593B1 /* RepositoryCache.swift */ = {isa = PBXFileReference; lastKnownFileType = sourcecode.swift; path = RepositoryCache.swift; sourceTree = "<group>"; };
		F871D9052390126E007593B1 /* ValueAccessStrategy.swift */ = {isa = PBXFileReference; lastKnownFileType = sourcecode.swift; path = ValueAccessStrategy.swift; sourceTree = "<group>"; };
		F871D908239012D2007593B1 /* BaseValueAccessStrategy.swift */ = {isa = PBXFileReference; lastKnownFileType = sourcecode.swift; path = BaseValueAccessStrategy.swift; sourceTree = "<group>"; };
		F8BE1029239014ED005E4500 /* SynchronizedValueAccessStrategy.swift */ = {isa = PBXFileReference; lastKnownFileType = sourcecode.swift; path = SynchronizedValueAccessStrategy.swift; sourceTree = "<group>"; };
		F8BE102B2391135F005E4500 /* AccessedValue.swift */ = {isa = PBXFileReference; lastKnownFileType = sourcecode.swift; path = AccessedValue.swift; sourceTree = "<group>"; };
		F8BE103023911B16005E4500 /* InvocationStrategy.swift */ = {isa = PBXFileReference; lastKnownFileType = sourcecode.swift; path = InvocationStrategy.swift; sourceTree = "<group>"; };
		F8BE103323911BBB005E4500 /* UnsafeInvocationStrategy.swift */ = {isa = PBXFileReference; lastKnownFileType = sourcecode.swift; path = UnsafeInvocationStrategy.swift; sourceTree = "<group>"; };
		F8BE103523911C4D005E4500 /* SynchronizedInvocationStrategy.swift */ = {isa = PBXFileReference; lastKnownFileType = sourcecode.swift; path = SynchronizedInvocationStrategy.swift; sourceTree = "<group>"; };
		F8BE103723911CA2005E4500 /* DispatchQueueInvocationStrategy.swift */ = {isa = PBXFileReference; lastKnownFileType = sourcecode.swift; path = DispatchQueueInvocationStrategy.swift; sourceTree = "<group>"; };
/* End PBXFileReference section */

/* Begin PBXFrameworksBuildPhase section */
		F871D8A1238FEFE5007593B1 /* Frameworks */ = {
			isa = PBXFrameworksBuildPhase;
			buildActionMask = 2147483647;
			files = (
			);
			runOnlyForDeploymentPostprocessing = 0;
		};
		F871D8B8238FEFE7007593B1 /* Frameworks */ = {
			isa = PBXFrameworksBuildPhase;
			buildActionMask = 2147483647;
			files = (
			);
			runOnlyForDeploymentPostprocessing = 0;
		};
		F871D8C3238FEFE7007593B1 /* Frameworks */ = {
			isa = PBXFrameworksBuildPhase;
			buildActionMask = 2147483647;
			files = (
			);
			runOnlyForDeploymentPostprocessing = 0;
		};
/* End PBXFrameworksBuildPhase section */

/* Begin PBXGroup section */
		CE2428E5239FDDB50098DCDB /* Data */ = {
			isa = PBXGroup;
			children = (
				CE24295723A7CEC90098DCDB /* Creator */,
				CE24294B23A79EB10098DCDB /* Mapper */,
				CE24292423A236D70098DCDB /* NetworkRequest */,
				CE24292023A1A2260098DCDB /* Fetcher */,
				CE24291623A1826A0098DCDB /* URLBuilder */,
				CE24290E23A1508E0098DCDB /* Serializer */,
				CE2428F8239FE2C40098DCDB /* NetworkResponse */,
				CE24290C23A14D720098DCDB /* NetworkFetchResult.swift */,
				CE24290223A0FAA30098DCDB /* NetworkResponseParser.swift */,
				CE24290623A0FC650098DCDB /* Validator.swift */,
				CE24290823A1003C0098DCDB /* JsonEntity.swift */,
				CE24294523A78F7C0098DCDB /* ModelResult.swift */,
				CE24294723A790140098DCDB /* Result.swift */,
			);
			path = Data;
			sourceTree = "<group>";
		};
		CE2428F8239FE2C40098DCDB /* NetworkResponse */ = {
			isa = PBXGroup;
			children = (
				CE2428F9239FE2D60098DCDB /* Impl */,
				CE2428F6239FE1CF0098DCDB /* NetworkResponse.swift */,
				CE242900239FE77E0098DCDB /* NetworkResponseFactory.swift */,
			);
			path = NetworkResponse;
			sourceTree = "<group>";
		};
		CE2428F9239FE2D60098DCDB /* Impl */ = {
			isa = PBXGroup;
			children = (
				CE2428FE239FE6FD0098DCDB /* BaseNetworkResponse.swift */,
			);
			path = Impl;
			sourceTree = "<group>";
		};
		CE24290E23A1508E0098DCDB /* Serializer */ = {
			isa = PBXGroup;
			children = (
				CE24290F23A150A00098DCDB /* Impl */,
				CE24290423A0FB8E0098DCDB /* Serializer.swift */,
			);
			path = Serializer;
			sourceTree = "<group>";
		};
		CE24290F23A150A00098DCDB /* Impl */ = {
			isa = PBXGroup;
			children = (
				CE24291023A150AD0098DCDB /* BaseNetworkResponseToJsonResponse.swift */,
			);
			path = Impl;
			sourceTree = "<group>";
		};
		CE24291623A1826A0098DCDB /* URLBuilder */ = {
			isa = PBXGroup;
			children = (
				CE24291B23A182E30098DCDB /* Impl */,
				CE24291723A182780098DCDB /* URLBuilder.swift */,
				CE24291923A182B10098DCDB /* URLBuilderFactory.swift */,
			);
			path = URLBuilder;
			sourceTree = "<group>";
		};
		CE24291B23A182E30098DCDB /* Impl */ = {
			isa = PBXGroup;
			children = (
				CE24291C23A182F20098DCDB /* BaseURLBuilder.swift */,
			);
			path = Impl;
			sourceTree = "<group>";
		};
		CE24292023A1A2260098DCDB /* Fetcher */ = {
			isa = PBXGroup;
			children = (
				CE24292123A1A3310098DCDB /* NetworkFetcher */,
				CE2428EC239FDF150098DCDB /* Fetcher.swift */,
				CE2428EE239FDF650098DCDB /* FetcherResult.swift */,
			);
			path = Fetcher;
			sourceTree = "<group>";
		};
		CE24292123A1A3310098DCDB /* NetworkFetcher */ = {
			isa = PBXGroup;
			children = (
				CE24292223A1A34A0098DCDB /* NetworkFetcher.swift */,
			);
			path = NetworkFetcher;
			sourceTree = "<group>";
		};
		CE24292423A236D70098DCDB /* NetworkRequest */ = {
			isa = PBXGroup;
			children = (
				CE24292723A238070098DCDB /* Impl */,
				CE24291423A157B90098DCDB /* NetworkRequest.swift */,
				CE24292523A237430098DCDB /* URLParameters.swift */,
				CE24292F23A23B490098DCDB /* URLRequestBuilder.swift */,
				CE24292A23A238E60098DCDB /* URLParametersBuilderFactory.swift */,
				CE24293123A23B7E0098DCDB /* URLRequestBuilderFactory.swift */,
			);
			path = NetworkRequest;
			sourceTree = "<group>";
		};
		CE24292723A238070098DCDB /* Impl */ = {
			isa = PBXGroup;
			children = (
				CE24292823A238210098DCDB /* BaseURLParametersBuilder.swift */,
				CE24293323A23BA20098DCDB /* BaseURLRequestBuilder.swift */,
			);
			path = Impl;
			sourceTree = "<group>";
		};
		CE24292C23A23A160098DCDB /* Netrowking */ = {
			isa = PBXGroup;
			children = (
				CE24293523A2411C0098DCDB /* Task */,
				CE24292D23A23A2D0098DCDB /* NetworkingManager.swift */,
			);
			path = Netrowking;
			sourceTree = "<group>";
		};
		CE24293523A2411C0098DCDB /* Task */ = {
			isa = PBXGroup;
			children = (
				CE24293623A241300098DCDB /* NetworkingManagerTask.swift */,
			);
			path = Task;
			sourceTree = "<group>";
		};
		CE24293C23A78D4E0098DCDB /* Stubs */ = {
			isa = PBXGroup;
			children = (
				CE24293E23A78D6B0098DCDB /* NetworkResponseStub.swift */,
				CE24294323A78E910098DCDB /* NetworkFetcherStub.swift */,
				CE24295A23A7D1480098DCDB /* NetworkRequestStub.swift */,
				CE24294023A78D9A0098DCDB /* get_users.json */,
			);
			path = Stubs;
			sourceTree = "<group>";
		};
		CE24294B23A79EB10098DCDB /* Mapper */ = {
			isa = PBXGroup;
			children = (
				CE24294C23A79EC90098DCDB /* Impl */,
				CE2428E6239FDDC50098DCDB /* Mapper.swift */,
			);
			path = Mapper;
			sourceTree = "<group>";
		};
		CE24294C23A79EC90098DCDB /* Impl */ = {
			isa = PBXGroup;
			children = (
				CE24294D23A79EDF0098DCDB /* NetworkResponseToJsonMapper.swift */,
			);
			path = Impl;
			sourceTree = "<group>";
		};
		CE24295723A7CEC90098DCDB /* Creator */ = {
			isa = PBXGroup;
			children = (
				CE24295823A7CEDF0098DCDB /* Creator.swift */,
			);
			path = Creator;
			sourceTree = "<group>";
		};
		F871D89B238FEFE5007593B1 = {
			isa = PBXGroup;
			children = (
				F871D8A6238FEFE5007593B1 /* Templates */,
				F871D8BE238FEFE7007593B1 /* TemplatesTests */,
				F871D8C9238FEFE7007593B1 /* TemplatesUITests */,
				F871D8A5238FEFE5007593B1 /* Products */,
			);
			sourceTree = "<group>";
		};
		F871D8A5238FEFE5007593B1 /* Products */ = {
			isa = PBXGroup;
			children = (
				F871D8A4238FEFE5007593B1 /* Templates.app */,
				F871D8BB238FEFE7007593B1 /* TemplatesTests.xctest */,
				F871D8C6238FEFE7007593B1 /* TemplatesUITests.xctest */,
			);
			name = Products;
			sourceTree = "<group>";
		};
		F871D8A6238FEFE5007593B1 /* Templates */ = {
			isa = PBXGroup;
			children = (
				CE24292C23A23A160098DCDB /* Netrowking */,
				F871D8D8238FEFF2007593B1 /* Common */,
				F871D8E2238FF103007593B1 /* Examples */,
				F871D8A7238FEFE5007593B1 /* AppDelegate.swift */,
				F871D8A9238FEFE5007593B1 /* ViewController.swift */,
				F871D8AB238FEFE5007593B1 /* Main.storyboard */,
				F871D8B1238FEFE7007593B1 /* Assets.xcassets */,
				F871D8B3238FEFE7007593B1 /* LaunchScreen.storyboard */,
				F871D8B6238FEFE7007593B1 /* Info.plist */,
				F871D8AE238FEFE5007593B1 /* Templates.xcdatamodeld */,
			);
			path = Templates;
			sourceTree = "<group>";
		};
		F871D8BE238FEFE7007593B1 /* TemplatesTests */ = {
			isa = PBXGroup;
			children = (
				F8BE103D239158BC005E4500 /* Utils */,
				CE24290A23A105A20098DCDB /* JsonEntityTest.swift */,
				CE2428E1239E922E0098DCDB /* AccessedValueTests.swift */,
				F871D8BF238FEFE7007593B1 /* CacheTests.swift */,
				CE24291E23A18D970098DCDB /* URLBuilderTests.swift */,
				F871D8C1238FEFE7007593B1 /* Info.plist */,
			);
			path = TemplatesTests;
			sourceTree = "<group>";
		};
		F871D8C9238FEFE7007593B1 /* TemplatesUITests */ = {
			isa = PBXGroup;
			children = (
				F871D8CA238FEFE7007593B1 /* TemplatesUITests.swift */,
				F871D8CC238FEFE7007593B1 /* Info.plist */,
			);
			path = TemplatesUITests;
			sourceTree = "<group>";
		};
		F871D8D8238FEFF2007593B1 /* Common */ = {
			isa = PBXGroup;
			children = (
				CE2428E5239FDDB50098DCDB /* Data */,
				F8BE102F23911AF2005E4500 /* Threads */,
				F871D90423901247007593B1 /* ValueAccess */,
				F871D8EC238FF7F8007593B1 /* Cache */,
				F871D8DD238FF05A007593B1 /* Repository */,
			);
			path = Common;
			sourceTree = "<group>";
		};
		F871D8DD238FF05A007593B1 /* Repository */ = {
			isa = PBXGroup;
			children = (
				F871D8DB238FF02C007593B1 /* CacheableRepository.swift */,
			);
			path = Repository;
			sourceTree = "<group>";
		};
		F871D8E2238FF103007593B1 /* Examples */ = {
			isa = PBXGroup;
			children = (
				F871D8E3238FF112007593B1 /* UserExample */,
			);
			path = Examples;
			sourceTree = "<group>";
		};
		F871D8E3238FF112007593B1 /* UserExample */ = {
			isa = PBXGroup;
			children = (
				CE24293C23A78D4E0098DCDB /* Stubs */,
				CE2428E8239FDE3B0098DCDB /* User.swift */,
				CE2428F0239FE02B0098DCDB /* UserManager.swift */,
				CE2428EA239FDE8C0098DCDB /* UserToUserModelMapper.swift */,
				CE24291223A1561F0098DCDB /* UserNetworkService.swift */,
				CE24294F23A7A20B0098DCDB /* JsonApiResponse.swift */,
				CE24295123A7A28E0098DCDB /* JsonApiResponseMapper.swift */,
				CE24295323A7B85A0098DCDB /* ModelCreatorFactory.swift */,
				CE24295523A7BCF30098DCDB /* MapperFactory.swift */,
				CE24295E23A7D34E0098DCDB /* JsonToUserModelMapper.swift */,
				CE24295C23A7D2780098DCDB /* JsonApiResponseArrayFieldMapper.swift */,
				CE24293823A78B9F0098DCDB /* APIResponse.txt */,
			);
			path = UserExample;
			sourceTree = "<group>";
		};
		F871D8EC238FF7F8007593B1 /* Cache */ = {
			isa = PBXGroup;
			children = (
				F871D8EF238FF850007593B1 /* Impl */,
				F871D8ED238FF806007593B1 /* Cache.swift */,
				F871D8F023900718007593B1 /* PreloadableCache.swift */,
				F871D8F823900ABC007593B1 /* RepositoryCache.swift */,
				CE2428E3239E96D70098DCDB /* PurgeableCache.swift */,
			);
			path = Cache;
			sourceTree = "<group>";
		};
		F871D8EF238FF850007593B1 /* Impl */ = {
			isa = PBXGroup;
			children = (
				F871D8DF238FF089007593B1 /* BaseRepositoryCache.swift */,
			);
			path = Impl;
			sourceTree = "<group>";
		};
		F871D90423901247007593B1 /* ValueAccess */ = {
			isa = PBXGroup;
			children = (
				F871D907239012BD007593B1 /* Impl */,
				F871D9052390126E007593B1 /* ValueAccessStrategy.swift */,
				F8BE102B2391135F005E4500 /* AccessedValue.swift */,
			);
			path = ValueAccess;
			sourceTree = "<group>";
		};
		F871D907239012BD007593B1 /* Impl */ = {
			isa = PBXGroup;
			children = (
				F871D908239012D2007593B1 /* BaseValueAccessStrategy.swift */,
				F8BE1029239014ED005E4500 /* SynchronizedValueAccessStrategy.swift */,
			);
			path = Impl;
			sourceTree = "<group>";
		};
		F8BE102F23911AF2005E4500 /* Threads */ = {
			isa = PBXGroup;
			children = (
				F8BE103223911B97005E4500 /* Impl */,
				F8BE103023911B16005E4500 /* InvocationStrategy.swift */,
			);
			path = Threads;
			sourceTree = "<group>";
		};
		F8BE103223911B97005E4500 /* Impl */ = {
			isa = PBXGroup;
			children = (
				F8BE103323911BBB005E4500 /* UnsafeInvocationStrategy.swift */,
				F8BE103523911C4D005E4500 /* SynchronizedInvocationStrategy.swift */,
				F8BE103723911CA2005E4500 /* DispatchQueueInvocationStrategy.swift */,
			);
			path = Impl;
			sourceTree = "<group>";
		};
		F8BE103D239158BC005E4500 /* Utils */ = {
			isa = PBXGroup;
			children = (
				F871D8E8238FF24D007593B1 /* FakeUserDatabase.swift */,
			);
			path = Utils;
			sourceTree = "<group>";
		};
/* End PBXGroup section */

/* Begin PBXNativeTarget section */
		F871D8A3238FEFE5007593B1 /* Templates */ = {
			isa = PBXNativeTarget;
			buildConfigurationList = F871D8CF238FEFE7007593B1 /* Build configuration list for PBXNativeTarget "Templates" */;
			buildPhases = (
				F871D8A0238FEFE5007593B1 /* Sources */,
				F871D8A1238FEFE5007593B1 /* Frameworks */,
				F871D8A2238FEFE5007593B1 /* Resources */,
			);
			buildRules = (
			);
			dependencies = (
			);
			name = Templates;
			productName = Templates;
			productReference = F871D8A4238FEFE5007593B1 /* Templates.app */;
			productType = "com.apple.product-type.application";
		};
		F871D8BA238FEFE7007593B1 /* TemplatesTests */ = {
			isa = PBXNativeTarget;
			buildConfigurationList = F871D8D2238FEFE7007593B1 /* Build configuration list for PBXNativeTarget "TemplatesTests" */;
			buildPhases = (
				F871D8B7238FEFE7007593B1 /* Sources */,
				F871D8B8238FEFE7007593B1 /* Frameworks */,
				F871D8B9238FEFE7007593B1 /* Resources */,
			);
			buildRules = (
			);
			dependencies = (
				F871D8BD238FEFE7007593B1 /* PBXTargetDependency */,
			);
			name = TemplatesTests;
			productName = TemplatesTests;
			productReference = F871D8BB238FEFE7007593B1 /* TemplatesTests.xctest */;
			productType = "com.apple.product-type.bundle.unit-test";
		};
		F871D8C5238FEFE7007593B1 /* TemplatesUITests */ = {
			isa = PBXNativeTarget;
			buildConfigurationList = F871D8D5238FEFE7007593B1 /* Build configuration list for PBXNativeTarget "TemplatesUITests" */;
			buildPhases = (
				F871D8C2238FEFE7007593B1 /* Sources */,
				F871D8C3238FEFE7007593B1 /* Frameworks */,
				F871D8C4238FEFE7007593B1 /* Resources */,
			);
			buildRules = (
			);
			dependencies = (
				F871D8C8238FEFE7007593B1 /* PBXTargetDependency */,
			);
			name = TemplatesUITests;
			productName = TemplatesUITests;
			productReference = F871D8C6238FEFE7007593B1 /* TemplatesUITests.xctest */;
			productType = "com.apple.product-type.bundle.ui-testing";
		};
/* End PBXNativeTarget section */

/* Begin PBXProject section */
		F871D89C238FEFE5007593B1 /* Project object */ = {
			isa = PBXProject;
			attributes = {
				LastSwiftUpdateCheck = 1010;
				LastUpgradeCheck = 1010;
				ORGANIZATIONNAME = "Igor Shavlovsky";
				TargetAttributes = {
					F871D8A3238FEFE5007593B1 = {
						CreatedOnToolsVersion = 10.1;
					};
					F871D8BA238FEFE7007593B1 = {
						CreatedOnToolsVersion = 10.1;
						TestTargetID = F871D8A3238FEFE5007593B1;
					};
					F871D8C5238FEFE7007593B1 = {
						CreatedOnToolsVersion = 10.1;
						TestTargetID = F871D8A3238FEFE5007593B1;
					};
				};
			};
			buildConfigurationList = F871D89F238FEFE5007593B1 /* Build configuration list for PBXProject "Templates" */;
			compatibilityVersion = "Xcode 9.3";
			developmentRegion = en;
			hasScannedForEncodings = 0;
			knownRegions = (
				en,
				Base,
			);
			mainGroup = F871D89B238FEFE5007593B1;
			productRefGroup = F871D8A5238FEFE5007593B1 /* Products */;
			projectDirPath = "";
			projectRoot = "";
			targets = (
				F871D8A3238FEFE5007593B1 /* Templates */,
				F871D8BA238FEFE7007593B1 /* TemplatesTests */,
				F871D8C5238FEFE7007593B1 /* TemplatesUITests */,
			);
		};
/* End PBXProject section */

/* Begin PBXResourcesBuildPhase section */
		F871D8A2238FEFE5007593B1 /* Resources */ = {
			isa = PBXResourcesBuildPhase;
			buildActionMask = 2147483647;
			files = (
				F871D8B5238FEFE7007593B1 /* LaunchScreen.storyboard in Resources */,
				F871D8B2238FEFE7007593B1 /* Assets.xcassets in Resources */,
				CE24294123A78D9A0098DCDB /* get_users.json in Resources */,
				F871D8AD238FEFE5007593B1 /* Main.storyboard in Resources */,
			);
			runOnlyForDeploymentPostprocessing = 0;
		};
		F871D8B9238FEFE7007593B1 /* Resources */ = {
			isa = PBXResourcesBuildPhase;
			buildActionMask = 2147483647;
			files = (
			);
			runOnlyForDeploymentPostprocessing = 0;
		};
		F871D8C4238FEFE7007593B1 /* Resources */ = {
			isa = PBXResourcesBuildPhase;
			buildActionMask = 2147483647;
			files = (
			);
			runOnlyForDeploymentPostprocessing = 0;
		};
/* End PBXResourcesBuildPhase section */

/* Begin PBXSourcesBuildPhase section */
		F871D8A0238FEFE5007593B1 /* Sources */ = {
			isa = PBXSourcesBuildPhase;
			buildActionMask = 2147483647;
			files = (
				CE24295023A7A20B0098DCDB /* JsonApiResponse.swift in Sources */,
				CE24292B23A238E60098DCDB /* URLParametersBuilderFactory.swift in Sources */,
				CE24290923A1003C0098DCDB /* JsonEntity.swift in Sources */,
				F871D909239012D2007593B1 /* BaseValueAccessStrategy.swift in Sources */,
				CE24291123A150AD0098DCDB /* BaseNetworkResponseToJsonResponse.swift in Sources */,
				F871D8DC238FF02C007593B1 /* CacheableRepository.swift in Sources */,
				CE24291323A1561F0098DCDB /* UserNetworkService.swift in Sources */,
				CE24294823A790140098DCDB /* Result.swift in Sources */,
				CE24291D23A182F20098DCDB /* BaseURLBuilder.swift in Sources */,
				CE24292323A1A34A0098DCDB /* NetworkFetcher.swift in Sources */,
				F8BE102A239014ED005E4500 /* SynchronizedValueAccessStrategy.swift in Sources */,
				CE24295623A7BCF30098DCDB /* MapperFactory.swift in Sources */,
				F8BE103623911C4D005E4500 /* SynchronizedInvocationStrategy.swift in Sources */,
				CE2428E7239FDDC50098DCDB /* Mapper.swift in Sources */,
				CE24293F23A78D6B0098DCDB /* NetworkResponseStub.swift in Sources */,
				CE2428EF239FDF650098DCDB /* FetcherResult.swift in Sources */,
				CE24294623A78F7C0098DCDB /* ModelResult.swift in Sources */,
				CE24293223A23B7E0098DCDB /* URLRequestBuilderFactory.swift in Sources */,
				CE2428EB239FDE8C0098DCDB /* UserToUserModelMapper.swift in Sources */,
				CE24295D23A7D2780098DCDB /* JsonApiResponseArrayFieldMapper.swift in Sources */,
				CE24290523A0FB8E0098DCDB /* Serializer.swift in Sources */,
				CE24292623A237430098DCDB /* URLParameters.swift in Sources */,
				CE2428F1239FE02B0098DCDB /* UserManager.swift in Sources */,
				CE24290323A0FAA30098DCDB /* NetworkResponseParser.swift in Sources */,
				F871D8F923900ABC007593B1 /* RepositoryCache.swift in Sources */,
				F871D8E0238FF089007593B1 /* BaseRepositoryCache.swift in Sources */,
				CE24292923A238210098DCDB /* BaseURLParametersBuilder.swift in Sources */,
				CE24294423A78E910098DCDB /* NetworkFetcherStub.swift in Sources */,
				CE24294E23A79EDF0098DCDB /* NetworkResponseToJsonMapper.swift in Sources */,
				CE24291823A182780098DCDB /* URLBuilder.swift in Sources */,
				F871D8EE238FF806007593B1 /* Cache.swift in Sources */,
				CE24291523A157B90098DCDB /* NetworkRequest.swift in Sources */,
				CE24293023A23B490098DCDB /* URLRequestBuilder.swift in Sources */,
				CE242901239FE77E0098DCDB /* NetworkResponseFactory.swift in Sources */,
				CE24295223A7A28E0098DCDB /* JsonApiResponseMapper.swift in Sources */,
				F8BE103123911B16005E4500 /* InvocationStrategy.swift in Sources */,
				CE2428FF239FE6FD0098DCDB /* BaseNetworkResponse.swift in Sources */,
				F8BE103423911BBB005E4500 /* UnsafeInvocationStrategy.swift in Sources */,
				CE24293423A23BA20098DCDB /* BaseURLRequestBuilder.swift in Sources */,
				CE24292E23A23A2D0098DCDB /* NetworkingManager.swift in Sources */,
				F871D8AA238FEFE5007593B1 /* ViewController.swift in Sources */,
				CE24295923A7CEDF0098DCDB /* Creator.swift in Sources */,
				CE24293723A241300098DCDB /* NetworkingManagerTask.swift in Sources */,
				F871D8A8238FEFE5007593B1 /* AppDelegate.swift in Sources */,
				CE24295423A7B85A0098DCDB /* ModelCreatorFactory.swift in Sources */,
				F871D9062390126E007593B1 /* ValueAccessStrategy.swift in Sources */,
				CE2428ED239FDF150098DCDB /* Fetcher.swift in Sources */,
				CE24295F23A7D34E0098DCDB /* JsonToUserModelMapper.swift in Sources */,
				F871D8F123900718007593B1 /* PreloadableCache.swift in Sources */,
				CE24295B23A7D1480098DCDB /* NetworkRequestStub.swift in Sources */,
				CE24290723A0FC650098DCDB /* Validator.swift in Sources */,
				CE2428E4239E96D70098DCDB /* PurgeableCache.swift in Sources */,
				F871D8B0238FEFE5007593B1 /* Templates.xcdatamodeld in Sources */,
				F8BE102C2391135F005E4500 /* AccessedValue.swift in Sources */,
				CE24290D23A14D720098DCDB /* NetworkFetchResult.swift in Sources */,
				CE24291A23A182B10098DCDB /* URLBuilderFactory.swift in Sources */,
				F8BE103823911CA2005E4500 /* DispatchQueueInvocationStrategy.swift in Sources */,
				CE2428E9239FDE3B0098DCDB /* User.swift in Sources */,
				CE2428F7239FE1CF0098DCDB /* NetworkResponse.swift in Sources */,
			);
			runOnlyForDeploymentPostprocessing = 0;
		};
		F871D8B7238FEFE7007593B1 /* Sources */ = {
			isa = PBXSourcesBuildPhase;
			buildActionMask = 2147483647;
			files = (
				CE2428E2239E922E0098DCDB /* AccessedValueTests.swift in Sources */,
				F871D8C0238FEFE7007593B1 /* CacheTests.swift in Sources */,
				CE24290B23A105A20098DCDB /* JsonEntityTest.swift in Sources */,
				F8BE103A2391462A005E4500 /* FakeUserDatabase.swift in Sources */,
				CE24291F23A18D970098DCDB /* URLBuilderTests.swift in Sources */,
			);
			runOnlyForDeploymentPostprocessing = 0;
		};
		F871D8C2238FEFE7007593B1 /* Sources */ = {
			isa = PBXSourcesBuildPhase;
			buildActionMask = 2147483647;
			files = (
				F871D8CB238FEFE7007593B1 /* TemplatesUITests.swift in Sources */,
			);
			runOnlyForDeploymentPostprocessing = 0;
		};
/* End PBXSourcesBuildPhase section */

/* Begin PBXTargetDependency section */
		F871D8BD238FEFE7007593B1 /* PBXTargetDependency */ = {
			isa = PBXTargetDependency;
			target = F871D8A3238FEFE5007593B1 /* Templates */;
			targetProxy = F871D8BC238FEFE7007593B1 /* PBXContainerItemProxy */;
		};
		F871D8C8238FEFE7007593B1 /* PBXTargetDependency */ = {
			isa = PBXTargetDependency;
			target = F871D8A3238FEFE5007593B1 /* Templates */;
			targetProxy = F871D8C7238FEFE7007593B1 /* PBXContainerItemProxy */;
		};
/* End PBXTargetDependency section */

/* Begin PBXVariantGroup section */
		F871D8AB238FEFE5007593B1 /* Main.storyboard */ = {
			isa = PBXVariantGroup;
			children = (
				F871D8AC238FEFE5007593B1 /* Base */,
			);
			name = Main.storyboard;
			sourceTree = "<group>";
		};
		F871D8B3238FEFE7007593B1 /* LaunchScreen.storyboard */ = {
			isa = PBXVariantGroup;
			children = (
				F871D8B4238FEFE7007593B1 /* Base */,
			);
			name = LaunchScreen.storyboard;
			sourceTree = "<group>";
		};
/* End PBXVariantGroup section */

/* Begin XCBuildConfiguration section */
		F871D8CD238FEFE7007593B1 /* Debug */ = {
			isa = XCBuildConfiguration;
			buildSettings = {
				ALWAYS_SEARCH_USER_PATHS = NO;
				CLANG_ANALYZER_NONNULL = YES;
				CLANG_ANALYZER_NUMBER_OBJECT_CONVERSION = YES_AGGRESSIVE;
				CLANG_CXX_LANGUAGE_STANDARD = "gnu++14";
				CLANG_CXX_LIBRARY = "libc++";
				CLANG_ENABLE_MODULES = YES;
				CLANG_ENABLE_OBJC_ARC = YES;
				CLANG_ENABLE_OBJC_WEAK = YES;
				CLANG_WARN_BLOCK_CAPTURE_AUTORELEASING = YES;
				CLANG_WARN_BOOL_CONVERSION = YES;
				CLANG_WARN_COMMA = YES;
				CLANG_WARN_CONSTANT_CONVERSION = YES;
				CLANG_WARN_DEPRECATED_OBJC_IMPLEMENTATIONS = YES;
				CLANG_WARN_DIRECT_OBJC_ISA_USAGE = YES_ERROR;
				CLANG_WARN_DOCUMENTATION_COMMENTS = YES;
				CLANG_WARN_EMPTY_BODY = YES;
				CLANG_WARN_ENUM_CONVERSION = YES;
				CLANG_WARN_INFINITE_RECURSION = YES;
				CLANG_WARN_INT_CONVERSION = YES;
				CLANG_WARN_NON_LITERAL_NULL_CONVERSION = YES;
				CLANG_WARN_OBJC_IMPLICIT_RETAIN_SELF = YES;
				CLANG_WARN_OBJC_LITERAL_CONVERSION = YES;
				CLANG_WARN_OBJC_ROOT_CLASS = YES_ERROR;
				CLANG_WARN_RANGE_LOOP_ANALYSIS = YES;
				CLANG_WARN_STRICT_PROTOTYPES = YES;
				CLANG_WARN_SUSPICIOUS_MOVE = YES;
				CLANG_WARN_UNGUARDED_AVAILABILITY = YES_AGGRESSIVE;
				CLANG_WARN_UNREACHABLE_CODE = YES;
				CLANG_WARN__DUPLICATE_METHOD_MATCH = YES;
				CODE_SIGN_IDENTITY = "iPhone Developer";
				COPY_PHASE_STRIP = NO;
				DEBUG_INFORMATION_FORMAT = dwarf;
				ENABLE_STRICT_OBJC_MSGSEND = YES;
				ENABLE_TESTABILITY = YES;
				GCC_C_LANGUAGE_STANDARD = gnu11;
				GCC_DYNAMIC_NO_PIC = NO;
				GCC_NO_COMMON_BLOCKS = YES;
				GCC_OPTIMIZATION_LEVEL = 0;
				GCC_PREPROCESSOR_DEFINITIONS = (
					"DEBUG=1",
					"$(inherited)",
				);
				GCC_WARN_64_TO_32_BIT_CONVERSION = YES;
				GCC_WARN_ABOUT_RETURN_TYPE = YES_ERROR;
				GCC_WARN_UNDECLARED_SELECTOR = YES;
				GCC_WARN_UNINITIALIZED_AUTOS = YES_AGGRESSIVE;
				GCC_WARN_UNUSED_FUNCTION = YES;
				GCC_WARN_UNUSED_VARIABLE = YES;
				IPHONEOS_DEPLOYMENT_TARGET = 12.1;
				MTL_ENABLE_DEBUG_INFO = INCLUDE_SOURCE;
				MTL_FAST_MATH = YES;
				ONLY_ACTIVE_ARCH = YES;
				SDKROOT = iphoneos;
				SWIFT_ACTIVE_COMPILATION_CONDITIONS = DEBUG;
				SWIFT_OPTIMIZATION_LEVEL = "-Onone";
			};
			name = Debug;
		};
		F871D8CE238FEFE7007593B1 /* Release */ = {
			isa = XCBuildConfiguration;
			buildSettings = {
				ALWAYS_SEARCH_USER_PATHS = NO;
				CLANG_ANALYZER_NONNULL = YES;
				CLANG_ANALYZER_NUMBER_OBJECT_CONVERSION = YES_AGGRESSIVE;
				CLANG_CXX_LANGUAGE_STANDARD = "gnu++14";
				CLANG_CXX_LIBRARY = "libc++";
				CLANG_ENABLE_MODULES = YES;
				CLANG_ENABLE_OBJC_ARC = YES;
				CLANG_ENABLE_OBJC_WEAK = YES;
				CLANG_WARN_BLOCK_CAPTURE_AUTORELEASING = YES;
				CLANG_WARN_BOOL_CONVERSION = YES;
				CLANG_WARN_COMMA = YES;
				CLANG_WARN_CONSTANT_CONVERSION = YES;
				CLANG_WARN_DEPRECATED_OBJC_IMPLEMENTATIONS = YES;
				CLANG_WARN_DIRECT_OBJC_ISA_USAGE = YES_ERROR;
				CLANG_WARN_DOCUMENTATION_COMMENTS = YES;
				CLANG_WARN_EMPTY_BODY = YES;
				CLANG_WARN_ENUM_CONVERSION = YES;
				CLANG_WARN_INFINITE_RECURSION = YES;
				CLANG_WARN_INT_CONVERSION = YES;
				CLANG_WARN_NON_LITERAL_NULL_CONVERSION = YES;
				CLANG_WARN_OBJC_IMPLICIT_RETAIN_SELF = YES;
				CLANG_WARN_OBJC_LITERAL_CONVERSION = YES;
				CLANG_WARN_OBJC_ROOT_CLASS = YES_ERROR;
				CLANG_WARN_RANGE_LOOP_ANALYSIS = YES;
				CLANG_WARN_STRICT_PROTOTYPES = YES;
				CLANG_WARN_SUSPICIOUS_MOVE = YES;
				CLANG_WARN_UNGUARDED_AVAILABILITY = YES_AGGRESSIVE;
				CLANG_WARN_UNREACHABLE_CODE = YES;
				CLANG_WARN__DUPLICATE_METHOD_MATCH = YES;
				CODE_SIGN_IDENTITY = "iPhone Developer";
				COPY_PHASE_STRIP = NO;
				DEBUG_INFORMATION_FORMAT = "dwarf-with-dsym";
				ENABLE_NS_ASSERTIONS = NO;
				ENABLE_STRICT_OBJC_MSGSEND = YES;
				GCC_C_LANGUAGE_STANDARD = gnu11;
				GCC_NO_COMMON_BLOCKS = YES;
				GCC_WARN_64_TO_32_BIT_CONVERSION = YES;
				GCC_WARN_ABOUT_RETURN_TYPE = YES_ERROR;
				GCC_WARN_UNDECLARED_SELECTOR = YES;
				GCC_WARN_UNINITIALIZED_AUTOS = YES_AGGRESSIVE;
				GCC_WARN_UNUSED_FUNCTION = YES;
				GCC_WARN_UNUSED_VARIABLE = YES;
				IPHONEOS_DEPLOYMENT_TARGET = 12.1;
				MTL_ENABLE_DEBUG_INFO = NO;
				MTL_FAST_MATH = YES;
				SDKROOT = iphoneos;
				SWIFT_COMPILATION_MODE = wholemodule;
				SWIFT_OPTIMIZATION_LEVEL = "-O";
				VALIDATE_PRODUCT = YES;
			};
			name = Release;
		};
		F871D8D0238FEFE7007593B1 /* Debug */ = {
			isa = XCBuildConfiguration;
			buildSettings = {
				ASSETCATALOG_COMPILER_APPICON_NAME = AppIcon;
				CODE_SIGN_STYLE = Manual;
				DEVELOPMENT_TEAM = "";
				INFOPLIST_FILE = Templates/Info.plist;
				IPHONEOS_DEPLOYMENT_TARGET = 13.0;
				LD_RUNPATH_SEARCH_PATHS = (
					"$(inherited)",
					"@executable_path/Frameworks",
				);
				PRODUCT_BUNDLE_IDENTIFIER = by.igorshavlovsky.Templates;
				PRODUCT_NAME = "$(TARGET_NAME)";
				PROVISIONING_PROFILE_SPECIFIER = "";
				SWIFT_VERSION = 4.2;
				TARGETED_DEVICE_FAMILY = "1,2";
			};
			name = Debug;
		};
		F871D8D1238FEFE7007593B1 /* Release */ = {
			isa = XCBuildConfiguration;
			buildSettings = {
				ASSETCATALOG_COMPILER_APPICON_NAME = AppIcon;
				CODE_SIGN_STYLE = Manual;
				DEVELOPMENT_TEAM = "";
				INFOPLIST_FILE = Templates/Info.plist;
				IPHONEOS_DEPLOYMENT_TARGET = 13.0;
				LD_RUNPATH_SEARCH_PATHS = (
					"$(inherited)",
					"@executable_path/Frameworks",
				);
				PRODUCT_BUNDLE_IDENTIFIER = by.igorshavlovsky.Templates;
				PRODUCT_NAME = "$(TARGET_NAME)";
				PROVISIONING_PROFILE_SPECIFIER = "";
				SWIFT_VERSION = 4.2;
				TARGETED_DEVICE_FAMILY = "1,2";
			};
			name = Release;
		};
		F871D8D3238FEFE7007593B1 /* Debug */ = {
			isa = XCBuildConfiguration;
			buildSettings = {
				ALWAYS_EMBED_SWIFT_STANDARD_LIBRARIES = YES;
				BUNDLE_LOADER = "$(TEST_HOST)";
				CODE_SIGN_STYLE = Automatic;
				DEVELOPMENT_TEAM = 842B88SE7P;
				INFOPLIST_FILE = TemplatesTests/Info.plist;
				LD_RUNPATH_SEARCH_PATHS = (
					"$(inherited)",
					"@executable_path/Frameworks",
					"@loader_path/Frameworks",
				);
				PRODUCT_BUNDLE_IDENTIFIER = by.igorshavlovsky.TemplatesTests;
				PRODUCT_NAME = "$(TARGET_NAME)";
				SWIFT_VERSION = 4.2;
				TARGETED_DEVICE_FAMILY = "1,2";
				TEST_HOST = "$(BUILT_PRODUCTS_DIR)/Templates.app/Templates";
			};
			name = Debug;
		};
		F871D8D4238FEFE7007593B1 /* Release */ = {
			isa = XCBuildConfiguration;
			buildSettings = {
				ALWAYS_EMBED_SWIFT_STANDARD_LIBRARIES = YES;
				BUNDLE_LOADER = "$(TEST_HOST)";
				CODE_SIGN_STYLE = Automatic;
				DEVELOPMENT_TEAM = 842B88SE7P;
				INFOPLIST_FILE = TemplatesTests/Info.plist;
				LD_RUNPATH_SEARCH_PATHS = (
					"$(inherited)",
					"@executable_path/Frameworks",
					"@loader_path/Frameworks",
				);
				PRODUCT_BUNDLE_IDENTIFIER = by.igorshavlovsky.TemplatesTests;
				PRODUCT_NAME = "$(TARGET_NAME)";
				SWIFT_VERSION = 4.2;
				TARGETED_DEVICE_FAMILY = "1,2";
				TEST_HOST = "$(BUILT_PRODUCTS_DIR)/Templates.app/Templates";
			};
			name = Release;
		};
		F871D8D6238FEFE7007593B1 /* Debug */ = {
			isa = XCBuildConfiguration;
			buildSettings = {
				ALWAYS_EMBED_SWIFT_STANDARD_LIBRARIES = YES;
				CODE_SIGN_STYLE = Automatic;
				DEVELOPMENT_TEAM = 842B88SE7P;
				INFOPLIST_FILE = TemplatesUITests/Info.plist;
				LD_RUNPATH_SEARCH_PATHS = (
					"$(inherited)",
					"@executable_path/Frameworks",
					"@loader_path/Frameworks",
				);
				PRODUCT_BUNDLE_IDENTIFIER = by.igorshavlovsky.TemplatesUITests;
				PRODUCT_NAME = "$(TARGET_NAME)";
				SWIFT_VERSION = 4.2;
				TARGETED_DEVICE_FAMILY = "1,2";
				TEST_TARGET_NAME = Templates;
			};
			name = Debug;
		};
		F871D8D7238FEFE7007593B1 /* Release */ = {
			isa = XCBuildConfiguration;
			buildSettings = {
				ALWAYS_EMBED_SWIFT_STANDARD_LIBRARIES = YES;
				CODE_SIGN_STYLE = Automatic;
				DEVELOPMENT_TEAM = 842B88SE7P;
				INFOPLIST_FILE = TemplatesUITests/Info.plist;
				LD_RUNPATH_SEARCH_PATHS = (
					"$(inherited)",
					"@executable_path/Frameworks",
					"@loader_path/Frameworks",
				);
				PRODUCT_BUNDLE_IDENTIFIER = by.igorshavlovsky.TemplatesUITests;
				PRODUCT_NAME = "$(TARGET_NAME)";
				SWIFT_VERSION = 4.2;
				TARGETED_DEVICE_FAMILY = "1,2";
				TEST_TARGET_NAME = Templates;
			};
			name = Release;
		};
/* End XCBuildConfiguration section */

/* Begin XCConfigurationList section */
		F871D89F238FEFE5007593B1 /* Build configuration list for PBXProject "Templates" */ = {
			isa = XCConfigurationList;
			buildConfigurations = (
				F871D8CD238FEFE7007593B1 /* Debug */,
				F871D8CE238FEFE7007593B1 /* Release */,
			);
			defaultConfigurationIsVisible = 0;
			defaultConfigurationName = Release;
		};
		F871D8CF238FEFE7007593B1 /* Build configuration list for PBXNativeTarget "Templates" */ = {
			isa = XCConfigurationList;
			buildConfigurations = (
				F871D8D0238FEFE7007593B1 /* Debug */,
				F871D8D1238FEFE7007593B1 /* Release */,
			);
			defaultConfigurationIsVisible = 0;
			defaultConfigurationName = Release;
		};
		F871D8D2238FEFE7007593B1 /* Build configuration list for PBXNativeTarget "TemplatesTests" */ = {
			isa = XCConfigurationList;
			buildConfigurations = (
				F871D8D3238FEFE7007593B1 /* Debug */,
				F871D8D4238FEFE7007593B1 /* Release */,
			);
			defaultConfigurationIsVisible = 0;
			defaultConfigurationName = Release;
		};
		F871D8D5238FEFE7007593B1 /* Build configuration list for PBXNativeTarget "TemplatesUITests" */ = {
			isa = XCConfigurationList;
			buildConfigurations = (
				F871D8D6238FEFE7007593B1 /* Debug */,
				F871D8D7238FEFE7007593B1 /* Release */,
			);
			defaultConfigurationIsVisible = 0;
			defaultConfigurationName = Release;
		};
/* End XCConfigurationList section */

/* Begin XCVersionGroup section */
		F871D8AE238FEFE5007593B1 /* Templates.xcdatamodeld */ = {
			isa = XCVersionGroup;
			children = (
				F871D8AF238FEFE5007593B1 /* Templates.xcdatamodel */,
			);
			currentVersion = F871D8AF238FEFE5007593B1 /* Templates.xcdatamodel */;
			path = Templates.xcdatamodeld;
			sourceTree = "<group>";
			versionGroupType = wrapper.xcdatamodel;
		};
/* End XCVersionGroup section */
	};
	rootObject = F871D89C238FEFE5007593B1 /* Project object */;
}
