// !$*UTF8*$!
{
	archiveVersion = 1;
	classes = {
	};
	objectVersion = 50;
	objects = {

/* Begin PBXBuildFile section */
		F871D8A8238FEFE5007593B1 /* AppDelegate.swift in Sources */ = {isa = PBXBuildFile; fileRef = F871D8A7238FEFE5007593B1 /* AppDelegate.swift */; };
		F871D8AA238FEFE5007593B1 /* ViewController.swift in Sources */ = {isa = PBXBuildFile; fileRef = F871D8A9238FEFE5007593B1 /* ViewController.swift */; };
		F871D8AD238FEFE5007593B1 /* Main.storyboard in Resources */ = {isa = PBXBuildFile; fileRef = F871D8AB238FEFE5007593B1 /* Main.storyboard */; };
		F871D8B0238FEFE5007593B1 /* Templates.xcdatamodeld in Sources */ = {isa = PBXBuildFile; fileRef = F871D8AE238FEFE5007593B1 /* Templates.xcdatamodeld */; };
		F871D8B2238FEFE7007593B1 /* Assets.xcassets in Resources */ = {isa = PBXBuildFile; fileRef = F871D8B1238FEFE7007593B1 /* Assets.xcassets */; };
		F871D8B5238FEFE7007593B1 /* LaunchScreen.storyboard in Resources */ = {isa = PBXBuildFile; fileRef = F871D8B3238FEFE7007593B1 /* LaunchScreen.storyboard */; };
		F871D8C0238FEFE7007593B1 /* TemplatesTests.swift in Sources */ = {isa = PBXBuildFile; fileRef = F871D8BF238FEFE7007593B1 /* TemplatesTests.swift */; };
		F871D8CB238FEFE7007593B1 /* TemplatesUITests.swift in Sources */ = {isa = PBXBuildFile; fileRef = F871D8CA238FEFE7007593B1 /* TemplatesUITests.swift */; };
		F871D8DC238FF02C007593B1 /* CacheableRepository.swift in Sources */ = {isa = PBXBuildFile; fileRef = F871D8DB238FF02C007593B1 /* CacheableRepository.swift */; };
		F871D8E0238FF089007593B1 /* BaseRepositoryCache.swift in Sources */ = {isa = PBXBuildFile; fileRef = F871D8DF238FF089007593B1 /* BaseRepositoryCache.swift */; };
		F871D8E5238FF12C007593B1 /* UserModel.swift in Sources */ = {isa = PBXBuildFile; fileRef = F871D8E4238FF12C007593B1 /* UserModel.swift */; };
		F871D8E7238FF159007593B1 /* UserRepository.swift in Sources */ = {isa = PBXBuildFile; fileRef = F871D8E6238FF159007593B1 /* UserRepository.swift */; };
		F871D8E9238FF24D007593B1 /* UserDatabase.swift in Sources */ = {isa = PBXBuildFile; fileRef = F871D8E8238FF24D007593B1 /* UserDatabase.swift */; };
		F871D8EB238FF5EF007593B1 /* UserTest.swift in Sources */ = {isa = PBXBuildFile; fileRef = F871D8EA238FF5EF007593B1 /* UserTest.swift */; };
		F871D8EE238FF806007593B1 /* Cache.swift in Sources */ = {isa = PBXBuildFile; fileRef = F871D8ED238FF806007593B1 /* Cache.swift */; };
		F871D8F123900718007593B1 /* PreloadableCache.swift in Sources */ = {isa = PBXBuildFile; fileRef = F871D8F023900718007593B1 /* PreloadableCache.swift */; };
		F871D8F923900ABC007593B1 /* RepositoryCache.swift in Sources */ = {isa = PBXBuildFile; fileRef = F871D8F823900ABC007593B1 /* RepositoryCache.swift */; };
		F871D9062390126E007593B1 /* ValueAccessStrategy.swift in Sources */ = {isa = PBXBuildFile; fileRef = F871D9052390126E007593B1 /* ValueAccessStrategy.swift */; };
		F871D909239012D2007593B1 /* BaseValueAccessStrategy.swift in Sources */ = {isa = PBXBuildFile; fileRef = F871D908239012D2007593B1 /* BaseValueAccessStrategy.swift */; };
		F8BE102A239014ED005E4500 /* SynchronizedValueAccessStrategy.swift in Sources */ = {isa = PBXBuildFile; fileRef = F8BE1029239014ED005E4500 /* SynchronizedValueAccessStrategy.swift */; };
		F8BE102C2391135F005E4500 /* AccessedValue.swift in Sources */ = {isa = PBXBuildFile; fileRef = F8BE102B2391135F005E4500 /* AccessedValue.swift */; };
		F8BE103123911B16005E4500 /* InvocationStrategy.swift in Sources */ = {isa = PBXBuildFile; fileRef = F8BE103023911B16005E4500 /* InvocationStrategy.swift */; };
		F8BE103423911BBB005E4500 /* UnsafeInvocationStrategy.swift in Sources */ = {isa = PBXBuildFile; fileRef = F8BE103323911BBB005E4500 /* UnsafeInvocationStrategy.swift */; };
		F8BE103623911C4D005E4500 /* SynchronizedInvocationStrategy.swift in Sources */ = {isa = PBXBuildFile; fileRef = F8BE103523911C4D005E4500 /* SynchronizedInvocationStrategy.swift */; };
		F8BE103823911CA2005E4500 /* DispatchQueueInvocationStrategy.swift in Sources */ = {isa = PBXBuildFile; fileRef = F8BE103723911CA2005E4500 /* DispatchQueueInvocationStrategy.swift */; };
/* End PBXBuildFile section */

/* Begin PBXContainerItemProxy section */
		F871D8BC238FEFE7007593B1 /* PBXContainerItemProxy */ = {
			isa = PBXContainerItemProxy;
			containerPortal = F871D89C238FEFE5007593B1 /* Project object */;
			proxyType = 1;
			remoteGlobalIDString = F871D8A3238FEFE5007593B1;
			remoteInfo = Templates;
		};
		F871D8C7238FEFE7007593B1 /* PBXContainerItemProxy */ = {
			isa = PBXContainerItemProxy;
			containerPortal = F871D89C238FEFE5007593B1 /* Project object */;
			proxyType = 1;
			remoteGlobalIDString = F871D8A3238FEFE5007593B1;
			remoteInfo = Templates;
		};
/* End PBXContainerItemProxy section */

/* Begin PBXFileReference section */
		F871D8A4238FEFE5007593B1 /* Templates.app */ = {isa = PBXFileReference; explicitFileType = wrapper.application; includeInIndex = 0; path = Templates.app; sourceTree = BUILT_PRODUCTS_DIR; };
		F871D8A7238FEFE5007593B1 /* AppDelegate.swift */ = {isa = PBXFileReference; lastKnownFileType = sourcecode.swift; path = AppDelegate.swift; sourceTree = "<group>"; };
		F871D8A9238FEFE5007593B1 /* ViewController.swift */ = {isa = PBXFileReference; lastKnownFileType = sourcecode.swift; path = ViewController.swift; sourceTree = "<group>"; };
		F871D8AC238FEFE5007593B1 /* Base */ = {isa = PBXFileReference; lastKnownFileType = file.storyboard; name = Base; path = Base.lproj/Main.storyboard; sourceTree = "<group>"; };
		F871D8AF238FEFE5007593B1 /* Templates.xcdatamodel */ = {isa = PBXFileReference; lastKnownFileType = wrapper.xcdatamodel; path = Templates.xcdatamodel; sourceTree = "<group>"; };
		F871D8B1238FEFE7007593B1 /* Assets.xcassets */ = {isa = PBXFileReference; lastKnownFileType = folder.assetcatalog; path = Assets.xcassets; sourceTree = "<group>"; };
		F871D8B4238FEFE7007593B1 /* Base */ = {isa = PBXFileReference; lastKnownFileType = file.storyboard; name = Base; path = Base.lproj/LaunchScreen.storyboard; sourceTree = "<group>"; };
		F871D8B6238FEFE7007593B1 /* Info.plist */ = {isa = PBXFileReference; lastKnownFileType = text.plist.xml; path = Info.plist; sourceTree = "<group>"; };
		F871D8BB238FEFE7007593B1 /* TemplatesTests.xctest */ = {isa = PBXFileReference; explicitFileType = wrapper.cfbundle; includeInIndex = 0; path = TemplatesTests.xctest; sourceTree = BUILT_PRODUCTS_DIR; };
		F871D8BF238FEFE7007593B1 /* TemplatesTests.swift */ = {isa = PBXFileReference; lastKnownFileType = sourcecode.swift; path = TemplatesTests.swift; sourceTree = "<group>"; };
		F871D8C1238FEFE7007593B1 /* Info.plist */ = {isa = PBXFileReference; lastKnownFileType = text.plist.xml; path = Info.plist; sourceTree = "<group>"; };
		F871D8C6238FEFE7007593B1 /* TemplatesUITests.xctest */ = {isa = PBXFileReference; explicitFileType = wrapper.cfbundle; includeInIndex = 0; path = TemplatesUITests.xctest; sourceTree = BUILT_PRODUCTS_DIR; };
		F871D8CA238FEFE7007593B1 /* TemplatesUITests.swift */ = {isa = PBXFileReference; lastKnownFileType = sourcecode.swift; path = TemplatesUITests.swift; sourceTree = "<group>"; };
		F871D8CC238FEFE7007593B1 /* Info.plist */ = {isa = PBXFileReference; lastKnownFileType = text.plist.xml; path = Info.plist; sourceTree = "<group>"; };
		F871D8DB238FF02C007593B1 /* CacheableRepository.swift */ = {isa = PBXFileReference; lastKnownFileType = sourcecode.swift; path = CacheableRepository.swift; sourceTree = "<group>"; };
		F871D8DF238FF089007593B1 /* BaseRepositoryCache.swift */ = {isa = PBXFileReference; lastKnownFileType = sourcecode.swift; path = BaseRepositoryCache.swift; sourceTree = "<group>"; };
		F871D8E4238FF12C007593B1 /* UserModel.swift */ = {isa = PBXFileReference; lastKnownFileType = sourcecode.swift; path = UserModel.swift; sourceTree = "<group>"; };
		F871D8E6238FF159007593B1 /* UserRepository.swift */ = {isa = PBXFileReference; lastKnownFileType = sourcecode.swift; path = UserRepository.swift; sourceTree = "<group>"; };
		F871D8E8238FF24D007593B1 /* UserDatabase.swift */ = {isa = PBXFileReference; lastKnownFileType = sourcecode.swift; path = UserDatabase.swift; sourceTree = "<group>"; };
		F871D8EA238FF5EF007593B1 /* UserTest.swift */ = {isa = PBXFileReference; lastKnownFileType = sourcecode.swift; path = UserTest.swift; sourceTree = "<group>"; };
		F871D8ED238FF806007593B1 /* Cache.swift */ = {isa = PBXFileReference; lastKnownFileType = sourcecode.swift; path = Cache.swift; sourceTree = "<group>"; };
		F871D8F023900718007593B1 /* PreloadableCache.swift */ = {isa = PBXFileReference; lastKnownFileType = sourcecode.swift; path = PreloadableCache.swift; sourceTree = "<group>"; };
		F871D8F823900ABC007593B1 /* RepositoryCache.swift */ = {isa = PBXFileReference; lastKnownFileType = sourcecode.swift; path = RepositoryCache.swift; sourceTree = "<group>"; };
		F871D9052390126E007593B1 /* ValueAccessStrategy.swift */ = {isa = PBXFileReference; lastKnownFileType = sourcecode.swift; path = ValueAccessStrategy.swift; sourceTree = "<group>"; };
		F871D908239012D2007593B1 /* BaseValueAccessStrategy.swift */ = {isa = PBXFileReference; lastKnownFileType = sourcecode.swift; path = BaseValueAccessStrategy.swift; sourceTree = "<group>"; };
		F8BE1029239014ED005E4500 /* SynchronizedValueAccessStrategy.swift */ = {isa = PBXFileReference; lastKnownFileType = sourcecode.swift; path = SynchronizedValueAccessStrategy.swift; sourceTree = "<group>"; };
		F8BE102B2391135F005E4500 /* AccessedValue.swift */ = {isa = PBXFileReference; lastKnownFileType = sourcecode.swift; path = AccessedValue.swift; sourceTree = "<group>"; };
		F8BE103023911B16005E4500 /* InvocationStrategy.swift */ = {isa = PBXFileReference; lastKnownFileType = sourcecode.swift; path = InvocationStrategy.swift; sourceTree = "<group>"; };
		F8BE103323911BBB005E4500 /* UnsafeInvocationStrategy.swift */ = {isa = PBXFileReference; lastKnownFileType = sourcecode.swift; path = UnsafeInvocationStrategy.swift; sourceTree = "<group>"; };
		F8BE103523911C4D005E4500 /* SynchronizedInvocationStrategy.swift */ = {isa = PBXFileReference; lastKnownFileType = sourcecode.swift; path = SynchronizedInvocationStrategy.swift; sourceTree = "<group>"; };
		F8BE103723911CA2005E4500 /* DispatchQueueInvocationStrategy.swift */ = {isa = PBXFileReference; lastKnownFileType = sourcecode.swift; path = DispatchQueueInvocationStrategy.swift; sourceTree = "<group>"; };
/* End PBXFileReference section */

/* Begin PBXFrameworksBuildPhase section */
		F871D8A1238FEFE5007593B1 /* Frameworks */ = {
			isa = PBXFrameworksBuildPhase;
			buildActionMask = 2147483647;
			files = (
			);
			runOnlyForDeploymentPostprocessing = 0;
		};
		F871D8B8238FEFE7007593B1 /* Frameworks */ = {
			isa = PBXFrameworksBuildPhase;
			buildActionMask = 2147483647;
			files = (
			);
			runOnlyForDeploymentPostprocessing = 0;
		};
		F871D8C3238FEFE7007593B1 /* Frameworks */ = {
			isa = PBXFrameworksBuildPhase;
			buildActionMask = 2147483647;
			files = (
			);
			runOnlyForDeploymentPostprocessing = 0;
		};
/* End PBXFrameworksBuildPhase section */

/* Begin PBXGroup section */
		F871D89B238FEFE5007593B1 = {
			isa = PBXGroup;
			children = (
				F871D8A6238FEFE5007593B1 /* Templates */,
				F871D8BE238FEFE7007593B1 /* TemplatesTests */,
				F871D8C9238FEFE7007593B1 /* TemplatesUITests */,
				F871D8A5238FEFE5007593B1 /* Products */,
			);
			sourceTree = "<group>";
		};
		F871D8A5238FEFE5007593B1 /* Products */ = {
			isa = PBXGroup;
			children = (
				F871D8A4238FEFE5007593B1 /* Templates.app */,
				F871D8BB238FEFE7007593B1 /* TemplatesTests.xctest */,
				F871D8C6238FEFE7007593B1 /* TemplatesUITests.xctest */,
			);
			name = Products;
			sourceTree = "<group>";
		};
		F871D8A6238FEFE5007593B1 /* Templates */ = {
			isa = PBXGroup;
			children = (
				F871D8D8238FEFF2007593B1 /* Common */,
				F871D8E2238FF103007593B1 /* Examples */,
				F871D8A7238FEFE5007593B1 /* AppDelegate.swift */,
				F871D8A9238FEFE5007593B1 /* ViewController.swift */,
				F871D8AB238FEFE5007593B1 /* Main.storyboard */,
				F871D8B1238FEFE7007593B1 /* Assets.xcassets */,
				F871D8B3238FEFE7007593B1 /* LaunchScreen.storyboard */,
				F871D8B6238FEFE7007593B1 /* Info.plist */,
				F871D8AE238FEFE5007593B1 /* Templates.xcdatamodeld */,
			);
			path = Templates;
			sourceTree = "<group>";
		};
		F871D8BE238FEFE7007593B1 /* TemplatesTests */ = {
			isa = PBXGroup;
			children = (
				F871D8BF238FEFE7007593B1 /* TemplatesTests.swift */,
				F871D8C1238FEFE7007593B1 /* Info.plist */,
			);
			path = TemplatesTests;
			sourceTree = "<group>";
		};
		F871D8C9238FEFE7007593B1 /* TemplatesUITests */ = {
			isa = PBXGroup;
			children = (
				F871D8CA238FEFE7007593B1 /* TemplatesUITests.swift */,
				F871D8CC238FEFE7007593B1 /* Info.plist */,
			);
			path = TemplatesUITests;
			sourceTree = "<group>";
		};
		F871D8D8238FEFF2007593B1 /* Common */ = {
			isa = PBXGroup;
			children = (
				F8BE102F23911AF2005E4500 /* Threads */,
				F871D90423901247007593B1 /* ValueAccess */,
				F871D8EC238FF7F8007593B1 /* Cache */,
				F871D8DD238FF05A007593B1 /* Repository */,
			);
			path = Common;
			sourceTree = "<group>";
		};
		F871D8DD238FF05A007593B1 /* Repository */ = {
			isa = PBXGroup;
			children = (
				F871D8DB238FF02C007593B1 /* CacheableRepository.swift */,
			);
			path = Repository;
			sourceTree = "<group>";
		};
		F871D8E2238FF103007593B1 /* Examples */ = {
			isa = PBXGroup;
			children = (
				F871D8E3238FF112007593B1 /* UserExample */,
			);
			path = Examples;
			sourceTree = "<group>";
		};
		F871D8E3238FF112007593B1 /* UserExample */ = {
			isa = PBXGroup;
			children = (
				F871D8E4238FF12C007593B1 /* UserModel.swift */,
				F871D8E6238FF159007593B1 /* UserRepository.swift */,
				F871D8E8238FF24D007593B1 /* UserDatabase.swift */,
				F871D8EA238FF5EF007593B1 /* UserTest.swift */,
			);
			path = UserExample;
			sourceTree = "<group>";
		};
		F871D8EC238FF7F8007593B1 /* Cache */ = {
			isa = PBXGroup;
			children = (
				F871D8EF238FF850007593B1 /* Impl */,
				F871D8ED238FF806007593B1 /* Cache.swift */,
				F871D8F023900718007593B1 /* PreloadableCache.swift */,
				F871D8F823900ABC007593B1 /* RepositoryCache.swift */,
			);
			path = Cache;
			sourceTree = "<group>";
		};
		F871D8EF238FF850007593B1 /* Impl */ = {
			isa = PBXGroup;
			children = (
				F871D8DF238FF089007593B1 /* BaseRepositoryCache.swift */,
			);
			path = Impl;
			sourceTree = "<group>";
		};
		F871D90423901247007593B1 /* ValueAccess */ = {
			isa = PBXGroup;
			children = (
				F871D907239012BD007593B1 /* Impl */,
				F871D9052390126E007593B1 /* ValueAccessStrategy.swift */,
				F8BE102B2391135F005E4500 /* AccessedValue.swift */,
			);
			path = ValueAccess;
			sourceTree = "<group>";
		};
		F871D907239012BD007593B1 /* Impl */ = {
			isa = PBXGroup;
			children = (
				F871D908239012D2007593B1 /* BaseValueAccessStrategy.swift */,
				F8BE1029239014ED005E4500 /* SynchronizedValueAccessStrategy.swift */,
			);
			path = Impl;
			sourceTree = "<group>";
		};
		F8BE102F23911AF2005E4500 /* Threads */ = {
			isa = PBXGroup;
			children = (
				F8BE103223911B97005E4500 /* Impl */,
				F8BE103023911B16005E4500 /* InvocationStrategy.swift */,
			);
			path = Threads;
			sourceTree = "<group>";
		};
		F8BE103223911B97005E4500 /* Impl */ = {
			isa = PBXGroup;
			children = (
				F8BE103323911BBB005E4500 /* UnsafeInvocationStrategy.swift */,
				F8BE103523911C4D005E4500 /* SynchronizedInvocationStrategy.swift */,
				F8BE103723911CA2005E4500 /* DispatchQueueInvocationStrategy.swift */,
			);
			path = Impl;
			sourceTree = "<group>";
		};
/* End PBXGroup section */

/* Begin PBXNativeTarget section */
		F871D8A3238FEFE5007593B1 /* Templates */ = {
			isa = PBXNativeTarget;
			buildConfigurationList = F871D8CF238FEFE7007593B1 /* Build configuration list for PBXNativeTarget "Templates" */;
			buildPhases = (
				F871D8A0238FEFE5007593B1 /* Sources */,
				F871D8A1238FEFE5007593B1 /* Frameworks */,
				F871D8A2238FEFE5007593B1 /* Resources */,
			);
			buildRules = (
			);
			dependencies = (
			);
			name = Templates;
			productName = Templates;
			productReference = F871D8A4238FEFE5007593B1 /* Templates.app */;
			productType = "com.apple.product-type.application";
		};
		F871D8BA238FEFE7007593B1 /* TemplatesTests */ = {
			isa = PBXNativeTarget;
			buildConfigurationList = F871D8D2238FEFE7007593B1 /* Build configuration list for PBXNativeTarget "TemplatesTests" */;
			buildPhases = (
				F871D8B7238FEFE7007593B1 /* Sources */,
				F871D8B8238FEFE7007593B1 /* Frameworks */,
				F871D8B9238FEFE7007593B1 /* Resources */,
			);
			buildRules = (
			);
			dependencies = (
				F871D8BD238FEFE7007593B1 /* PBXTargetDependency */,
			);
			name = TemplatesTests;
			productName = TemplatesTests;
			productReference = F871D8BB238FEFE7007593B1 /* TemplatesTests.xctest */;
			productType = "com.apple.product-type.bundle.unit-test";
		};
		F871D8C5238FEFE7007593B1 /* TemplatesUITests */ = {
			isa = PBXNativeTarget;
			buildConfigurationList = F871D8D5238FEFE7007593B1 /* Build configuration list for PBXNativeTarget "TemplatesUITests" */;
			buildPhases = (
				F871D8C2238FEFE7007593B1 /* Sources */,
				F871D8C3238FEFE7007593B1 /* Frameworks */,
				F871D8C4238FEFE7007593B1 /* Resources */,
			);
			buildRules = (
			);
			dependencies = (
				F871D8C8238FEFE7007593B1 /* PBXTargetDependency */,
			);
			name = TemplatesUITests;
			productName = TemplatesUITests;
			productReference = F871D8C6238FEFE7007593B1 /* TemplatesUITests.xctest */;
			productType = "com.apple.product-type.bundle.ui-testing";
		};
/* End PBXNativeTarget section */

/* Begin PBXProject section */
		F871D89C238FEFE5007593B1 /* Project object */ = {
			isa = PBXProject;
			attributes = {
				LastSwiftUpdateCheck = 1010;
				LastUpgradeCheck = 1010;
				ORGANIZATIONNAME = "Igor Shavlovsky";
				TargetAttributes = {
					F871D8A3238FEFE5007593B1 = {
						CreatedOnToolsVersion = 10.1;
					};
					F871D8BA238FEFE7007593B1 = {
						CreatedOnToolsVersion = 10.1;
						TestTargetID = F871D8A3238FEFE5007593B1;
					};
					F871D8C5238FEFE7007593B1 = {
						CreatedOnToolsVersion = 10.1;
						TestTargetID = F871D8A3238FEFE5007593B1;
					};
				};
			};
			buildConfigurationList = F871D89F238FEFE5007593B1 /* Build configuration list for PBXProject "Templates" */;
			compatibilityVersion = "Xcode 9.3";
			developmentRegion = en;
			hasScannedForEncodings = 0;
			knownRegions = (
				en,
				Base,
			);
			mainGroup = F871D89B238FEFE5007593B1;
			productRefGroup = F871D8A5238FEFE5007593B1 /* Products */;
			projectDirPath = "";
			projectRoot = "";
			targets = (
				F871D8A3238FEFE5007593B1 /* Templates */,
				F871D8BA238FEFE7007593B1 /* TemplatesTests */,
				F871D8C5238FEFE7007593B1 /* TemplatesUITests */,
			);
		};
/* End PBXProject section */

/* Begin PBXResourcesBuildPhase section */
		F871D8A2238FEFE5007593B1 /* Resources */ = {
			isa = PBXResourcesBuildPhase;
			buildActionMask = 2147483647;
			files = (
				F871D8B5238FEFE7007593B1 /* LaunchScreen.storyboard in Resources */,
				F871D8B2238FEFE7007593B1 /* Assets.xcassets in Resources */,
				F871D8AD238FEFE5007593B1 /* Main.storyboard in Resources */,
			);
			runOnlyForDeploymentPostprocessing = 0;
		};
		F871D8B9238FEFE7007593B1 /* Resources */ = {
			isa = PBXResourcesBuildPhase;
			buildActionMask = 2147483647;
			files = (
			);
			runOnlyForDeploymentPostprocessing = 0;
		};
		F871D8C4238FEFE7007593B1 /* Resources */ = {
			isa = PBXResourcesBuildPhase;
			buildActionMask = 2147483647;
			files = (
			);
			runOnlyForDeploymentPostprocessing = 0;
		};
/* End PBXResourcesBuildPhase section */

/* Begin PBXSourcesBuildPhase section */
		F871D8A0238FEFE5007593B1 /* Sources */ = {
			isa = PBXSourcesBuildPhase;
			buildActionMask = 2147483647;
			files = (
				F871D909239012D2007593B1 /* BaseValueAccessStrategy.swift in Sources */,
				F871D8DC238FF02C007593B1 /* CacheableRepository.swift in Sources */,
				F8BE102A239014ED005E4500 /* SynchronizedValueAccessStrategy.swift in Sources */,
				F871D8E5238FF12C007593B1 /* UserModel.swift in Sources */,
				F8BE103623911C4D005E4500 /* SynchronizedInvocationStrategy.swift in Sources */,
				F871D8E9238FF24D007593B1 /* UserDatabase.swift in Sources */,
				F871D8F923900ABC007593B1 /* RepositoryCache.swift in Sources */,
				F871D8E0238FF089007593B1 /* BaseRepositoryCache.swift in Sources */,
				F871D8EE238FF806007593B1 /* Cache.swift in Sources */,
				F8BE103123911B16005E4500 /* InvocationStrategy.swift in Sources */,
				F871D8EB238FF5EF007593B1 /* UserTest.swift in Sources */,
				F8BE103423911BBB005E4500 /* UnsafeInvocationStrategy.swift in Sources */,
				F871D8AA238FEFE5007593B1 /* ViewController.swift in Sources */,
				F871D8A8238FEFE5007593B1 /* AppDelegate.swift in Sources */,
				F871D9062390126E007593B1 /* ValueAccessStrategy.swift in Sources */,
				F871D8F123900718007593B1 /* PreloadableCache.swift in Sources */,
				F871D8E7238FF159007593B1 /* UserRepository.swift in Sources */,
				F871D8B0238FEFE5007593B1 /* Templates.xcdatamodeld in Sources */,
				F8BE102C2391135F005E4500 /* AccessedValue.swift in Sources */,
				F8BE103823911CA2005E4500 /* DispatchQueueInvocationStrategy.swift in Sources */,
			);
			runOnlyForDeploymentPostprocessing = 0;
		};
		F871D8B7238FEFE7007593B1 /* Sources */ = {
			isa = PBXSourcesBuildPhase;
			buildActionMask = 2147483647;
			files = (
				F871D8C0238FEFE7007593B1 /* TemplatesTests.swift in Sources */,
			);
			runOnlyForDeploymentPostprocessing = 0;
		};
		F871D8C2238FEFE7007593B1 /* Sources */ = {
			isa = PBXSourcesBuildPhase;
			buildActionMask = 2147483647;
			files = (
				F871D8CB238FEFE7007593B1 /* TemplatesUITests.swift in Sources */,
			);
			runOnlyForDeploymentPostprocessing = 0;
		};
/* End PBXSourcesBuildPhase section */

/* Begin PBXTargetDependency section */
		F871D8BD238FEFE7007593B1 /* PBXTargetDependency */ = {
			isa = PBXTargetDependency;
			target = F871D8A3238FEFE5007593B1 /* Templates */;
			targetProxy = F871D8BC238FEFE7007593B1 /* PBXContainerItemProxy */;
		};
		F871D8C8238FEFE7007593B1 /* PBXTargetDependency */ = {
			isa = PBXTargetDependency;
			target = F871D8A3238FEFE5007593B1 /* Templates */;
			targetProxy = F871D8C7238FEFE7007593B1 /* PBXContainerItemProxy */;
		};
/* End PBXTargetDependency section */

/* Begin PBXVariantGroup section */
		F871D8AB238FEFE5007593B1 /* Main.storyboard */ = {
			isa = PBXVariantGroup;
			children = (
				F871D8AC238FEFE5007593B1 /* Base */,
			);
			name = Main.storyboard;
			sourceTree = "<group>";
		};
		F871D8B3238FEFE7007593B1 /* LaunchScreen.storyboard */ = {
			isa = PBXVariantGroup;
			children = (
				F871D8B4238FEFE7007593B1 /* Base */,
			);
			name = LaunchScreen.storyboard;
			sourceTree = "<group>";
		};
/* End PBXVariantGroup section */

/* Begin XCBuildConfiguration section */
		F871D8CD238FEFE7007593B1 /* Debug */ = {
			isa = XCBuildConfiguration;
			buildSettings = {
				ALWAYS_SEARCH_USER_PATHS = NO;
				CLANG_ANALYZER_NONNULL = YES;
				CLANG_ANALYZER_NUMBER_OBJECT_CONVERSION = YES_AGGRESSIVE;
				CLANG_CXX_LANGUAGE_STANDARD = "gnu++14";
				CLANG_CXX_LIBRARY = "libc++";
				CLANG_ENABLE_MODULES = YES;
				CLANG_ENABLE_OBJC_ARC = YES;
				CLANG_ENABLE_OBJC_WEAK = YES;
				CLANG_WARN_BLOCK_CAPTURE_AUTORELEASING = YES;
				CLANG_WARN_BOOL_CONVERSION = YES;
				CLANG_WARN_COMMA = YES;
				CLANG_WARN_CONSTANT_CONVERSION = YES;
				CLANG_WARN_DEPRECATED_OBJC_IMPLEMENTATIONS = YES;
				CLANG_WARN_DIRECT_OBJC_ISA_USAGE = YES_ERROR;
				CLANG_WARN_DOCUMENTATION_COMMENTS = YES;
				CLANG_WARN_EMPTY_BODY = YES;
				CLANG_WARN_ENUM_CONVERSION = YES;
				CLANG_WARN_INFINITE_RECURSION = YES;
				CLANG_WARN_INT_CONVERSION = YES;
				CLANG_WARN_NON_LITERAL_NULL_CONVERSION = YES;
				CLANG_WARN_OBJC_IMPLICIT_RETAIN_SELF = YES;
				CLANG_WARN_OBJC_LITERAL_CONVERSION = YES;
				CLANG_WARN_OBJC_ROOT_CLASS = YES_ERROR;
				CLANG_WARN_RANGE_LOOP_ANALYSIS = YES;
				CLANG_WARN_STRICT_PROTOTYPES = YES;
				CLANG_WARN_SUSPICIOUS_MOVE = YES;
				CLANG_WARN_UNGUARDED_AVAILABILITY = YES_AGGRESSIVE;
				CLANG_WARN_UNREACHABLE_CODE = YES;
				CLANG_WARN__DUPLICATE_METHOD_MATCH = YES;
				CODE_SIGN_IDENTITY = "iPhone Developer";
				COPY_PHASE_STRIP = NO;
				DEBUG_INFORMATION_FORMAT = dwarf;
				ENABLE_STRICT_OBJC_MSGSEND = YES;
				ENABLE_TESTABILITY = YES;
				GCC_C_LANGUAGE_STANDARD = gnu11;
				GCC_DYNAMIC_NO_PIC = NO;
				GCC_NO_COMMON_BLOCKS = YES;
				GCC_OPTIMIZATION_LEVEL = 0;
				GCC_PREPROCESSOR_DEFINITIONS = (
					"DEBUG=1",
					"$(inherited)",
				);
				GCC_WARN_64_TO_32_BIT_CONVERSION = YES;
				GCC_WARN_ABOUT_RETURN_TYPE = YES_ERROR;
				GCC_WARN_UNDECLARED_SELECTOR = YES;
				GCC_WARN_UNINITIALIZED_AUTOS = YES_AGGRESSIVE;
				GCC_WARN_UNUSED_FUNCTION = YES;
				GCC_WARN_UNUSED_VARIABLE = YES;
				IPHONEOS_DEPLOYMENT_TARGET = 12.1;
				MTL_ENABLE_DEBUG_INFO = INCLUDE_SOURCE;
				MTL_FAST_MATH = YES;
				ONLY_ACTIVE_ARCH = YES;
				SDKROOT = iphoneos;
				SWIFT_ACTIVE_COMPILATION_CONDITIONS = DEBUG;
				SWIFT_OPTIMIZATION_LEVEL = "-Onone";
			};
			name = Debug;
		};
		F871D8CE238FEFE7007593B1 /* Release */ = {
			isa = XCBuildConfiguration;
			buildSettings = {
				ALWAYS_SEARCH_USER_PATHS = NO;
				CLANG_ANALYZER_NONNULL = YES;
				CLANG_ANALYZER_NUMBER_OBJECT_CONVERSION = YES_AGGRESSIVE;
				CLANG_CXX_LANGUAGE_STANDARD = "gnu++14";
				CLANG_CXX_LIBRARY = "libc++";
				CLANG_ENABLE_MODULES = YES;
				CLANG_ENABLE_OBJC_ARC = YES;
				CLANG_ENABLE_OBJC_WEAK = YES;
				CLANG_WARN_BLOCK_CAPTURE_AUTORELEASING = YES;
				CLANG_WARN_BOOL_CONVERSION = YES;
				CLANG_WARN_COMMA = YES;
				CLANG_WARN_CONSTANT_CONVERSION = YES;
				CLANG_WARN_DEPRECATED_OBJC_IMPLEMENTATIONS = YES;
				CLANG_WARN_DIRECT_OBJC_ISA_USAGE = YES_ERROR;
				CLANG_WARN_DOCUMENTATION_COMMENTS = YES;
				CLANG_WARN_EMPTY_BODY = YES;
				CLANG_WARN_ENUM_CONVERSION = YES;
				CLANG_WARN_INFINITE_RECURSION = YES;
				CLANG_WARN_INT_CONVERSION = YES;
				CLANG_WARN_NON_LITERAL_NULL_CONVERSION = YES;
				CLANG_WARN_OBJC_IMPLICIT_RETAIN_SELF = YES;
				CLANG_WARN_OBJC_LITERAL_CONVERSION = YES;
				CLANG_WARN_OBJC_ROOT_CLASS = YES_ERROR;
				CLANG_WARN_RANGE_LOOP_ANALYSIS = YES;
				CLANG_WARN_STRICT_PROTOTYPES = YES;
				CLANG_WARN_SUSPICIOUS_MOVE = YES;
				CLANG_WARN_UNGUARDED_AVAILABILITY = YES_AGGRESSIVE;
				CLANG_WARN_UNREACHABLE_CODE = YES;
				CLANG_WARN__DUPLICATE_METHOD_MATCH = YES;
				CODE_SIGN_IDENTITY = "iPhone Developer";
				COPY_PHASE_STRIP = NO;
				DEBUG_INFORMATION_FORMAT = "dwarf-with-dsym";
				ENABLE_NS_ASSERTIONS = NO;
				ENABLE_STRICT_OBJC_MSGSEND = YES;
				GCC_C_LANGUAGE_STANDARD = gnu11;
				GCC_NO_COMMON_BLOCKS = YES;
				GCC_WARN_64_TO_32_BIT_CONVERSION = YES;
				GCC_WARN_ABOUT_RETURN_TYPE = YES_ERROR;
				GCC_WARN_UNDECLARED_SELECTOR = YES;
				GCC_WARN_UNINITIALIZED_AUTOS = YES_AGGRESSIVE;
				GCC_WARN_UNUSED_FUNCTION = YES;
				GCC_WARN_UNUSED_VARIABLE = YES;
				IPHONEOS_DEPLOYMENT_TARGET = 12.1;
				MTL_ENABLE_DEBUG_INFO = NO;
				MTL_FAST_MATH = YES;
				SDKROOT = iphoneos;
				SWIFT_COMPILATION_MODE = wholemodule;
				SWIFT_OPTIMIZATION_LEVEL = "-O";
				VALIDATE_PRODUCT = YES;
			};
			name = Release;
		};
		F871D8D0238FEFE7007593B1 /* Debug */ = {
			isa = XCBuildConfiguration;
			buildSettings = {
				ASSETCATALOG_COMPILER_APPICON_NAME = AppIcon;
				CODE_SIGN_STYLE = Manual;
				DEVELOPMENT_TEAM = "";
				INFOPLIST_FILE = Templates/Info.plist;
				LD_RUNPATH_SEARCH_PATHS = (
					"$(inherited)",
					"@executable_path/Frameworks",
				);
				PRODUCT_BUNDLE_IDENTIFIER = by.igorshavlovsky.Templates;
				PRODUCT_NAME = "$(TARGET_NAME)";
				PROVISIONING_PROFILE_SPECIFIER = "";
				SWIFT_VERSION = 4.2;
				TARGETED_DEVICE_FAMILY = "1,2";
			};
			name = Debug;
		};
		F871D8D1238FEFE7007593B1 /* Release */ = {
			isa = XCBuildConfiguration;
			buildSettings = {
				ASSETCATALOG_COMPILER_APPICON_NAME = AppIcon;
				CODE_SIGN_STYLE = Manual;
				DEVELOPMENT_TEAM = "";
				INFOPLIST_FILE = Templates/Info.plist;
				LD_RUNPATH_SEARCH_PATHS = (
					"$(inherited)",
					"@executable_path/Frameworks",
				);
				PRODUCT_BUNDLE_IDENTIFIER = by.igorshavlovsky.Templates;
				PRODUCT_NAME = "$(TARGET_NAME)";
				PROVISIONING_PROFILE_SPECIFIER = "";
				SWIFT_VERSION = 4.2;
				TARGETED_DEVICE_FAMILY = "1,2";
			};
			name = Release;
		};
		F871D8D3238FEFE7007593B1 /* Debug */ = {
			isa = XCBuildConfiguration;
			buildSettings = {
				ALWAYS_EMBED_SWIFT_STANDARD_LIBRARIES = YES;
				BUNDLE_LOADER = "$(TEST_HOST)";
				CODE_SIGN_STYLE = Automatic;
				DEVELOPMENT_TEAM = 842B88SE7P;
				INFOPLIST_FILE = TemplatesTests/Info.plist;
				LD_RUNPATH_SEARCH_PATHS = (
					"$(inherited)",
					"@executable_path/Frameworks",
					"@loader_path/Frameworks",
				);
				PRODUCT_BUNDLE_IDENTIFIER = by.igorshavlovsky.TemplatesTests;
				PRODUCT_NAME = "$(TARGET_NAME)";
				SWIFT_VERSION = 4.2;
				TARGETED_DEVICE_FAMILY = "1,2";
				TEST_HOST = "$(BUILT_PRODUCTS_DIR)/Templates.app/Templates";
			};
			name = Debug;
		};
		F871D8D4238FEFE7007593B1 /* Release */ = {
			isa = XCBuildConfiguration;
			buildSettings = {
				ALWAYS_EMBED_SWIFT_STANDARD_LIBRARIES = YES;
				BUNDLE_LOADER = "$(TEST_HOST)";
				CODE_SIGN_STYLE = Automatic;
				DEVELOPMENT_TEAM = 842B88SE7P;
				INFOPLIST_FILE = TemplatesTests/Info.plist;
				LD_RUNPATH_SEARCH_PATHS = (
					"$(inherited)",
					"@executable_path/Frameworks",
					"@loader_path/Frameworks",
				);
				PRODUCT_BUNDLE_IDENTIFIER = by.igorshavlovsky.TemplatesTests;
				PRODUCT_NAME = "$(TARGET_NAME)";
				SWIFT_VERSION = 4.2;
				TARGETED_DEVICE_FAMILY = "1,2";
				TEST_HOST = "$(BUILT_PRODUCTS_DIR)/Templates.app/Templates";
			};
			name = Release;
		};
		F871D8D6238FEFE7007593B1 /* Debug */ = {
			isa = XCBuildConfiguration;
			buildSettings = {
				ALWAYS_EMBED_SWIFT_STANDARD_LIBRARIES = YES;
				CODE_SIGN_STYLE = Automatic;
				DEVELOPMENT_TEAM = 842B88SE7P;
				INFOPLIST_FILE = TemplatesUITests/Info.plist;
				LD_RUNPATH_SEARCH_PATHS = (
					"$(inherited)",
					"@executable_path/Frameworks",
					"@loader_path/Frameworks",
				);
				PRODUCT_BUNDLE_IDENTIFIER = by.igorshavlovsky.TemplatesUITests;
				PRODUCT_NAME = "$(TARGET_NAME)";
				SWIFT_VERSION = 4.2;
				TARGETED_DEVICE_FAMILY = "1,2";
				TEST_TARGET_NAME = Templates;
			};
			name = Debug;
		};
		F871D8D7238FEFE7007593B1 /* Release */ = {
			isa = XCBuildConfiguration;
			buildSettings = {
				ALWAYS_EMBED_SWIFT_STANDARD_LIBRARIES = YES;
				CODE_SIGN_STYLE = Automatic;
				DEVELOPMENT_TEAM = 842B88SE7P;
				INFOPLIST_FILE = TemplatesUITests/Info.plist;
				LD_RUNPATH_SEARCH_PATHS = (
					"$(inherited)",
					"@executable_path/Frameworks",
					"@loader_path/Frameworks",
				);
				PRODUCT_BUNDLE_IDENTIFIER = by.igorshavlovsky.TemplatesUITests;
				PRODUCT_NAME = "$(TARGET_NAME)";
				SWIFT_VERSION = 4.2;
				TARGETED_DEVICE_FAMILY = "1,2";
				TEST_TARGET_NAME = Templates;
			};
			name = Release;
		};
/* End XCBuildConfiguration section */

/* Begin XCConfigurationList section */
		F871D89F238FEFE5007593B1 /* Build configuration list for PBXProject "Templates" */ = {
			isa = XCConfigurationList;
			buildConfigurations = (
				F871D8CD238FEFE7007593B1 /* Debug */,
				F871D8CE238FEFE7007593B1 /* Release */,
			);
			defaultConfigurationIsVisible = 0;
			defaultConfigurationName = Release;
		};
		F871D8CF238FEFE7007593B1 /* Build configuration list for PBXNativeTarget "Templates" */ = {
			isa = XCConfigurationList;
			buildConfigurations = (
				F871D8D0238FEFE7007593B1 /* Debug */,
				F871D8D1238FEFE7007593B1 /* Release */,
			);
			defaultConfigurationIsVisible = 0;
			defaultConfigurationName = Release;
		};
		F871D8D2238FEFE7007593B1 /* Build configuration list for PBXNativeTarget "TemplatesTests" */ = {
			isa = XCConfigurationList;
			buildConfigurations = (
				F871D8D3238FEFE7007593B1 /* Debug */,
				F871D8D4238FEFE7007593B1 /* Release */,
			);
			defaultConfigurationIsVisible = 0;
			defaultConfigurationName = Release;
		};
		F871D8D5238FEFE7007593B1 /* Build configuration list for PBXNativeTarget "TemplatesUITests" */ = {
			isa = XCConfigurationList;
			buildConfigurations = (
				F871D8D6238FEFE7007593B1 /* Debug */,
				F871D8D7238FEFE7007593B1 /* Release */,
			);
			defaultConfigurationIsVisible = 0;
			defaultConfigurationName = Release;
		};
/* End XCConfigurationList section */

/* Begin XCVersionGroup section */
		F871D8AE238FEFE5007593B1 /* Templates.xcdatamodeld */ = {
			isa = XCVersionGroup;
			children = (
				F871D8AF238FEFE5007593B1 /* Templates.xcdatamodel */,
			);
			currentVersion = F871D8AF238FEFE5007593B1 /* Templates.xcdatamodel */;
			path = Templates.xcdatamodeld;
			sourceTree = "<group>";
			versionGroupType = wrapper.xcdatamodel;
		};
/* End XCVersionGroup section */
	};
	rootObject = F871D89C238FEFE5007593B1 /* Project object */;
}
